// !$*UTF8*$!
{
	archiveVersion = 1;
	classes = {
	};
	objectVersion = 46;
	objects = {

/* Begin PBXBuildFile section */
		1D3623260D0F684500981E51 /* TapToTeachAppDelegate.m in Sources */ = {isa = PBXBuildFile; fileRef = 1D3623250D0F684500981E51 /* TapToTeachAppDelegate.m */; };
		1D60589B0D05DD56006BFB54 /* main.m in Sources */ = {isa = PBXBuildFile; fileRef = 29B97316FDCFA39411CA2CEA /* main.m */; };
		1D60589F0D05DD5A006BFB54 /* Foundation.framework in Frameworks */ = {isa = PBXBuildFile; fileRef = 1D30AB110D05D00D00671497 /* Foundation.framework */; };
		1DF5F4E00D08C38300B7A737 /* UIKit.framework in Frameworks */ = {isa = PBXBuildFile; fileRef = 1DF5F4DF0D08C38300B7A737 /* UIKit.framework */; };
		28193055112F811F00ECF9B4 /* TapToTeach.xcdatamodeld in Sources */ = {isa = PBXBuildFile; fileRef = 28193054112F811F00ECF9B4 /* TapToTeach.xcdatamodeld */; };
		288765A50DF7441C002DB57D /* CoreGraphics.framework in Frameworks */ = {isa = PBXBuildFile; fileRef = 288765A40DF7441C002DB57D /* CoreGraphics.framework */; };
		28AD733F0D9D9553002E5188 /* MainWindow.xib in Resources */ = {isa = PBXBuildFile; fileRef = 28AD733E0D9D9553002E5188 /* MainWindow.xib */; };
		28D801B40F44B63D00FB423F /* CoreData.framework in Frameworks */ = {isa = PBXBuildFile; fileRef = 28D801B30F44B63D00FB423F /* CoreData.framework */; };
		E757CE4A119A69820099327A /* SettingsViewController.m in Sources */ = {isa = PBXBuildFile; fileRef = E757CE48119A69820099327A /* SettingsViewController.m */; };
		E757CE4B119A69820099327A /* SettingsViewController.xib in Resources */ = {isa = PBXBuildFile; fileRef = E757CE49119A69820099327A /* SettingsViewController.xib */; };
		E777CD0C11A247E700212DDE /* ActivitiesViewController.m in Sources */ = {isa = PBXBuildFile; fileRef = E777CD0A11A247E700212DDE /* ActivitiesViewController.m */; };
		E777CD0D11A247E700212DDE /* ActivitiesViewController.xib in Resources */ = {isa = PBXBuildFile; fileRef = E777CD0B11A247E700212DDE /* ActivitiesViewController.xib */; };
		E777CD6611A2517F00212DDE /* PlaySoundFile.m in Sources */ = {isa = PBXBuildFile; fileRef = E777CD6511A2517F00212DDE /* PlaySoundFile.m */; };
		E777CD6911A251D200212DDE /* HiDaddy.mp3 in Resources */ = {isa = PBXBuildFile; fileRef = E777CD6811A251D200212DDE /* HiDaddy.mp3 */; };
		E777CD9211A2587900212DDE /* ball.png in Resources */ = {isa = PBXBuildFile; fileRef = E777CD9111A2587900212DDE /* ball.png */; };
		E777CD9511A2588A00212DDE /* BouncingBall.m in Sources */ = {isa = PBXBuildFile; fileRef = E777CD9411A2588A00212DDE /* BouncingBall.m */; };
		E7A253B611A8E6E000F8773D /* ActivityViewController.m in Sources */ = {isa = PBXBuildFile; fileRef = E7A253B411A8E6E000F8773D /* ActivityViewController.m */; };
		E7A254D711AA3FD800F8773D /* CleanUpViewController.m in Sources */ = {isa = PBXBuildFile; fileRef = E7A254D511AA3FD800F8773D /* CleanUpViewController.m */; };
		E7A254D811AA3FD800F8773D /* CleanUpViewController.xib in Resources */ = {isa = PBXBuildFile; fileRef = E7A254D611AA3FD800F8773D /* CleanUpViewController.xib */; };
		E7A254DB11AA400E00F8773D /* CleanUpView.m in Sources */ = {isa = PBXBuildFile; fileRef = E7A254DA11AA400E00F8773D /* CleanUpView.m */; };
		E7A2551E11AA426100F8773D /* QuartzCore.framework in Frameworks */ = {isa = PBXBuildFile; fileRef = E7A2551D11AA426100F8773D /* QuartzCore.framework */; };
		E7A2554B11AA458F00F8773D /* CleanUpTarget.png in Resources */ = {isa = PBXBuildFile; fileRef = E7A2554A11AA458F00F8773D /* CleanUpTarget.png */; };
		E7A2565611AB86BC00F8773D /* FinishedPuttingAway.wav in Resources */ = {isa = PBXBuildFile; fileRef = E7A2565411AB86BC00F8773D /* FinishedPuttingAway.wav */; };
		E7A2565711AB86BC00F8773D /* PutAway.wav in Resources */ = {isa = PBXBuildFile; fileRef = E7A2565511AB86BC00F8773D /* PutAway.wav */; };
		E7C268CF1187EFB80054600F /* WordBankViewController.m in Sources */ = {isa = PBXBuildFile; fileRef = E7C268CD1187EFB80054600F /* WordBankViewController.m */; };
		E7C268D01187EFB80054600F /* WordBankViewController.xib in Resources */ = {isa = PBXBuildFile; fileRef = E7C268CE1187EFB80054600F /* WordBankViewController.xib */; };
		E7C2690B1187F5EF0054600F /* Utility.m in Sources */ = {isa = PBXBuildFile; fileRef = E7C2690A1187F5EF0054600F /* Utility.m */; };
		E7C269BF11888A7B0054600F /* SystemSettings.m in Sources */ = {isa = PBXBuildFile; fileRef = E7C269B911888A7B0054600F /* SystemSettings.m */; };
		E7C269C011888A7B0054600F /* WordBank.m in Sources */ = {isa = PBXBuildFile; fileRef = E7C269BB11888A7B0054600F /* WordBank.m */; };
		E7C269C111888A7B0054600F /* Word.m in Sources */ = {isa = PBXBuildFile; fileRef = E7C269BD11888A7B0054600F /* Word.m */; };
		E7C26B18118B98DA0054600F /* WordBankSettingsViewController.m in Sources */ = {isa = PBXBuildFile; fileRef = E7C26B16118B98DA0054600F /* WordBankSettingsViewController.m */; };
		E7C26B19118B98DA0054600F /* WordBankSettingsViewController.xib in Resources */ = {isa = PBXBuildFile; fileRef = E7C26B17118B98DA0054600F /* WordBankSettingsViewController.xib */; };
		E7E0704911B458E400E9869B /* CleanUpSettingsViewController.m in Sources */ = {isa = PBXBuildFile; fileRef = E7E0704711B458E400E9869B /* CleanUpSettingsViewController.m */; };
		E7E0704A11B458E400E9869B /* CleanUpSettingsViewController.xib in Resources */ = {isa = PBXBuildFile; fileRef = E7E0704811B458E400E9869B /* CleanUpSettingsViewController.xib */; };
		E7E071A111BC9AE900E9869B /* CleanUpPicture.m in Sources */ = {isa = PBXBuildFile; fileRef = E7E071A011BC9AE900E9869B /* CleanUpPicture.m */; };
		E7E071AA11BC9BA200E9869B /* CleanUpSettings.m in Sources */ = {isa = PBXBuildFile; fileRef = E7E071A911BC9BA200E9869B /* CleanUpSettings.m */; };
		E7E39E7B1190796E0021EEC3 /* WordBankWordsViewController.m in Sources */ = {isa = PBXBuildFile; fileRef = E7E39E791190796E0021EEC3 /* WordBankWordsViewController.m */; };
		E7E39E7C1190796E0021EEC3 /* WordBankWordsViewController.xib in Resources */ = {isa = PBXBuildFile; fileRef = E7E39E7A1190796E0021EEC3 /* WordBankWordsViewController.xib */; };
		E7E39F49119132410021EEC3 /* WordBankSettings.m in Sources */ = {isa = PBXBuildFile; fileRef = E7E39F48119132410021EEC3 /* WordBankSettings.m */; };
		E7E3A1D81193C7C10021EEC3 /* Congratulations.m in Sources */ = {isa = PBXBuildFile; fileRef = E7E3A1D71193C7C10021EEC3 /* Congratulations.m */; };
		E7E3A1E31193C9690021EEC3 /* SimpleFlashing.m in Sources */ = {isa = PBXBuildFile; fileRef = E7E3A1E21193C9690021EEC3 /* SimpleFlashing.m */; };
		E7E3A343119517ED0021EEC3 /* au_none.c in Sources */ = {isa = PBXBuildFile; fileRef = E7E3A2BD119517ED0021EEC3 /* au_none.c */; };
		E7E3A344119517ED0021EEC3 /* au_streaming.c in Sources */ = {isa = PBXBuildFile; fileRef = E7E3A2BE119517ED0021EEC3 /* au_streaming.c */; };
		E7E3A345119517ED0021EEC3 /* audio.c in Sources */ = {isa = PBXBuildFile; fileRef = E7E3A2BF119517ED0021EEC3 /* audio.c */; };
		E7E3A346119517ED0021EEC3 /* cst_alloc.c in Sources */ = {isa = PBXBuildFile; fileRef = E7E3A2C0119517ED0021EEC3 /* cst_alloc.c */; };
		E7E3A347119517ED0021EEC3 /* cst_cart.c in Sources */ = {isa = PBXBuildFile; fileRef = E7E3A2C1119517ED0021EEC3 /* cst_cart.c */; };
		E7E3A348119517ED0021EEC3 /* cst_cg.c in Sources */ = {isa = PBXBuildFile; fileRef = E7E3A2C2119517ED0021EEC3 /* cst_cg.c */; };
		E7E3A349119517ED0021EEC3 /* cst_diphone.c in Sources */ = {isa = PBXBuildFile; fileRef = E7E3A2C3119517ED0021EEC3 /* cst_diphone.c */; };
		E7E3A34A119517ED0021EEC3 /* cst_endian.c in Sources */ = {isa = PBXBuildFile; fileRef = E7E3A2C4119517ED0021EEC3 /* cst_endian.c */; };
		E7E3A34B119517ED0021EEC3 /* cst_error.c in Sources */ = {isa = PBXBuildFile; fileRef = E7E3A2C5119517ED0021EEC3 /* cst_error.c */; };
		E7E3A34C119517ED0021EEC3 /* cst_features.c in Sources */ = {isa = PBXBuildFile; fileRef = E7E3A2C6119517ED0021EEC3 /* cst_features.c */; };
		E7E3A34D119517ED0021EEC3 /* cst_ffeature.c in Sources */ = {isa = PBXBuildFile; fileRef = E7E3A2C7119517ED0021EEC3 /* cst_ffeature.c */; };
		E7E3A34E119517ED0021EEC3 /* cst_ffeatures.c in Sources */ = {isa = PBXBuildFile; fileRef = E7E3A2C8119517ED0021EEC3 /* cst_ffeatures.c */; };
		E7E3A34F119517ED0021EEC3 /* cst_file_stdio.c in Sources */ = {isa = PBXBuildFile; fileRef = E7E3A2C9119517ED0021EEC3 /* cst_file_stdio.c */; };
		E7E3A350119517ED0021EEC3 /* cst_item.c in Sources */ = {isa = PBXBuildFile; fileRef = E7E3A2CA119517ED0021EEC3 /* cst_item.c */; };
		E7E3A351119517ED0021EEC3 /* cst_lexicon.c in Sources */ = {isa = PBXBuildFile; fileRef = E7E3A2CB119517ED0021EEC3 /* cst_lexicon.c */; };
		E7E3A352119517ED0021EEC3 /* cst_lpcres.c in Sources */ = {isa = PBXBuildFile; fileRef = E7E3A2CC119517ED0021EEC3 /* cst_lpcres.c */; };
		E7E3A353119517ED0021EEC3 /* cst_lts.c in Sources */ = {isa = PBXBuildFile; fileRef = E7E3A2CD119517ED0021EEC3 /* cst_lts.c */; };
		E7E3A354119517ED0021EEC3 /* cst_mlpg.c in Sources */ = {isa = PBXBuildFile; fileRef = E7E3A2CE119517ED0021EEC3 /* cst_mlpg.c */; };
		E7E3A355119517ED0021EEC3 /* cst_mlsa.c in Sources */ = {isa = PBXBuildFile; fileRef = E7E3A2CF119517ED0021EEC3 /* cst_mlsa.c */; };
		E7E3A356119517ED0021EEC3 /* cst_phoneset.c in Sources */ = {isa = PBXBuildFile; fileRef = E7E3A2D0119517ED0021EEC3 /* cst_phoneset.c */; };
		E7E3A357119517ED0021EEC3 /* cst_regex.c in Sources */ = {isa = PBXBuildFile; fileRef = E7E3A2D1119517ED0021EEC3 /* cst_regex.c */; };
		E7E3A358119517ED0021EEC3 /* cst_relation.c in Sources */ = {isa = PBXBuildFile; fileRef = E7E3A2D2119517ED0021EEC3 /* cst_relation.c */; };
		E7E3A359119517ED0021EEC3 /* cst_sigpr.c in Sources */ = {isa = PBXBuildFile; fileRef = E7E3A2D3119517ED0021EEC3 /* cst_sigpr.c */; };
		E7E3A35A119517ED0021EEC3 /* cst_string.c in Sources */ = {isa = PBXBuildFile; fileRef = E7E3A2D4119517ED0021EEC3 /* cst_string.c */; };
		E7E3A35B119517ED0021EEC3 /* cst_sts.c in Sources */ = {isa = PBXBuildFile; fileRef = E7E3A2D5119517ED0021EEC3 /* cst_sts.c */; };
		E7E3A35C119517ED0021EEC3 /* cst_synth.c in Sources */ = {isa = PBXBuildFile; fileRef = E7E3A2D6119517ED0021EEC3 /* cst_synth.c */; };
		E7E3A35D119517ED0021EEC3 /* cst_tokenstream.c in Sources */ = {isa = PBXBuildFile; fileRef = E7E3A2D7119517ED0021EEC3 /* cst_tokenstream.c */; };
		E7E3A35E119517ED0021EEC3 /* cst_track.c in Sources */ = {isa = PBXBuildFile; fileRef = E7E3A2D8119517ED0021EEC3 /* cst_track.c */; };
		E7E3A35F119517ED0021EEC3 /* cst_units.c in Sources */ = {isa = PBXBuildFile; fileRef = E7E3A2D9119517ED0021EEC3 /* cst_units.c */; };
		E7E3A360119517ED0021EEC3 /* cst_utt_utils.c in Sources */ = {isa = PBXBuildFile; fileRef = E7E3A2DA119517ED0021EEC3 /* cst_utt_utils.c */; };
		E7E3A361119517ED0021EEC3 /* cst_utterance.c in Sources */ = {isa = PBXBuildFile; fileRef = E7E3A2DB119517ED0021EEC3 /* cst_utterance.c */; };
		E7E3A362119517ED0021EEC3 /* cst_val.c in Sources */ = {isa = PBXBuildFile; fileRef = E7E3A2DC119517ED0021EEC3 /* cst_val.c */; };
		E7E3A363119517ED0021EEC3 /* cst_val_const.c in Sources */ = {isa = PBXBuildFile; fileRef = E7E3A2DD119517ED0021EEC3 /* cst_val_const.c */; };
		E7E3A364119517ED0021EEC3 /* cst_val_user.c in Sources */ = {isa = PBXBuildFile; fileRef = E7E3A2DE119517ED0021EEC3 /* cst_val_user.c */; };
		E7E3A365119517ED0021EEC3 /* cst_vc.c in Sources */ = {isa = PBXBuildFile; fileRef = E7E3A2DF119517ED0021EEC3 /* cst_vc.c */; };
		E7E3A366119517ED0021EEC3 /* cst_voice.c in Sources */ = {isa = PBXBuildFile; fileRef = E7E3A2E0119517ED0021EEC3 /* cst_voice.c */; };
		E7E3A367119517ED0021EEC3 /* cst_wave.c in Sources */ = {isa = PBXBuildFile; fileRef = E7E3A2E1119517ED0021EEC3 /* cst_wave.c */; };
		E7E3A368119517ED0021EEC3 /* cst_wave_io.c in Sources */ = {isa = PBXBuildFile; fileRef = E7E3A2E2119517ED0021EEC3 /* cst_wave_io.c */; };
		E7E3A369119517ED0021EEC3 /* cst_wave_utils.c in Sources */ = {isa = PBXBuildFile; fileRef = E7E3A2E3119517ED0021EEC3 /* cst_wave_utils.c */; };
		E7E3A36A119517ED0021EEC3 /* flite.c in Sources */ = {isa = PBXBuildFile; fileRef = E7E3A2E4119517ED0021EEC3 /* flite.c */; };
		E7E3A36B119517ED0021EEC3 /* rateconv.c in Sources */ = {isa = PBXBuildFile; fileRef = E7E3A2E5119517ED0021EEC3 /* rateconv.c */; };
		E7E3A36C119517ED0021EEC3 /* regexp.c in Sources */ = {isa = PBXBuildFile; fileRef = E7E3A2E6119517ED0021EEC3 /* regexp.c */; };
		E7E3A36D119517ED0021EEC3 /* cmu_us_awb.c in Sources */ = {isa = PBXBuildFile; fileRef = E7E3A2E9119517ED0021EEC3 /* cmu_us_awb.c */; };
		E7E3A36E119517ED0021EEC3 /* cmu_us_awb_cg.c in Sources */ = {isa = PBXBuildFile; fileRef = E7E3A2EA119517ED0021EEC3 /* cmu_us_awb_cg.c */; };
		E7E3A36F119517ED0021EEC3 /* cmu_us_awb_cg_durmodel.c in Sources */ = {isa = PBXBuildFile; fileRef = E7E3A2EB119517ED0021EEC3 /* cmu_us_awb_cg_durmodel.c */; };
		E7E3A370119517ED0021EEC3 /* cmu_us_awb_cg_f0_trees.c in Sources */ = {isa = PBXBuildFile; fileRef = E7E3A2ED119517ED0021EEC3 /* cmu_us_awb_cg_f0_trees.c */; };
		E7E3A371119517ED0021EEC3 /* cmu_us_awb_cg_phonestate.c in Sources */ = {isa = PBXBuildFile; fileRef = E7E3A2EF119517ED0021EEC3 /* cmu_us_awb_cg_phonestate.c */; };
		E7E3A372119517ED0021EEC3 /* cmu_us_awb_cg_single_mcep_trees.c in Sources */ = {isa = PBXBuildFile; fileRef = E7E3A2F0119517ED0021EEC3 /* cmu_us_awb_cg_single_mcep_trees.c */; };
		E7E3A373119517ED0021EEC3 /* cmu_us_awb_cg_single_params.c in Sources */ = {isa = PBXBuildFile; fileRef = E7E3A2F2119517ED0021EEC3 /* cmu_us_awb_cg_single_params.c */; };
		E7E3A374119517ED0021EEC3 /* cmu_us_kal.c in Sources */ = {isa = PBXBuildFile; fileRef = E7E3A2F5119517ED0021EEC3 /* cmu_us_kal.c */; };
		E7E3A375119517ED0021EEC3 /* cmu_us_kal_diphone.c in Sources */ = {isa = PBXBuildFile; fileRef = E7E3A2F6119517ED0021EEC3 /* cmu_us_kal_diphone.c */; };
		E7E3A376119517ED0021EEC3 /* cmu_us_kal_lpc.c in Sources */ = {isa = PBXBuildFile; fileRef = E7E3A2F7119517ED0021EEC3 /* cmu_us_kal_lpc.c */; };
		E7E3A377119517ED0021EEC3 /* cmu_us_kal_res.c in Sources */ = {isa = PBXBuildFile; fileRef = E7E3A2F8119517ED0021EEC3 /* cmu_us_kal_res.c */; };
		E7E3A378119517ED0021EEC3 /* cmu_us_kal_residx.c in Sources */ = {isa = PBXBuildFile; fileRef = E7E3A2F9119517ED0021EEC3 /* cmu_us_kal_residx.c */; };
		E7E3A379119517ED0021EEC3 /* cmu_us_kal16.c in Sources */ = {isa = PBXBuildFile; fileRef = E7E3A2FC119517ED0021EEC3 /* cmu_us_kal16.c */; };
		E7E3A37A119517ED0021EEC3 /* cmu_us_kal16_diphone.c in Sources */ = {isa = PBXBuildFile; fileRef = E7E3A2FD119517ED0021EEC3 /* cmu_us_kal16_diphone.c */; };
		E7E3A37B119517ED0021EEC3 /* cmu_us_kal16_lpc.c in Sources */ = {isa = PBXBuildFile; fileRef = E7E3A2FE119517ED0021EEC3 /* cmu_us_kal16_lpc.c */; };
		E7E3A37C119517ED0021EEC3 /* cmu_us_kal16_res.c in Sources */ = {isa = PBXBuildFile; fileRef = E7E3A2FF119517ED0021EEC3 /* cmu_us_kal16_res.c */; };
		E7E3A37D119517ED0021EEC3 /* cmu_us_kal16_residx.c in Sources */ = {isa = PBXBuildFile; fileRef = E7E3A300119517ED0021EEC3 /* cmu_us_kal16_residx.c */; };
		E7E3A37E119517ED0021EEC3 /* cmu_us_rms.c in Sources */ = {isa = PBXBuildFile; fileRef = E7E3A303119517ED0021EEC3 /* cmu_us_rms.c */; };
		E7E3A37F119517ED0021EEC3 /* cmu_us_rms_cg.c in Sources */ = {isa = PBXBuildFile; fileRef = E7E3A304119517ED0021EEC3 /* cmu_us_rms_cg.c */; };
		E7E3A380119517ED0021EEC3 /* cmu_us_rms_cg_durmodel.c in Sources */ = {isa = PBXBuildFile; fileRef = E7E3A305119517ED0021EEC3 /* cmu_us_rms_cg_durmodel.c */; };
		E7E3A381119517ED0021EEC3 /* cmu_us_rms_cg_f0_trees.c in Sources */ = {isa = PBXBuildFile; fileRef = E7E3A307119517ED0021EEC3 /* cmu_us_rms_cg_f0_trees.c */; };
		E7E3A382119517ED0021EEC3 /* cmu_us_rms_cg_phonestate.c in Sources */ = {isa = PBXBuildFile; fileRef = E7E3A309119517ED0021EEC3 /* cmu_us_rms_cg_phonestate.c */; };
		E7E3A383119517ED0021EEC3 /* cmu_us_rms_cg_single_mcep_trees.c in Sources */ = {isa = PBXBuildFile; fileRef = E7E3A30A119517ED0021EEC3 /* cmu_us_rms_cg_single_mcep_trees.c */; };
		E7E3A384119517ED0021EEC3 /* cmu_us_rms_cg_single_params.c in Sources */ = {isa = PBXBuildFile; fileRef = E7E3A30C119517ED0021EEC3 /* cmu_us_rms_cg_single_params.c */; };
		E7E3A385119517ED0021EEC3 /* cmu_us_slt.c in Sources */ = {isa = PBXBuildFile; fileRef = E7E3A310119517ED0021EEC3 /* cmu_us_slt.c */; };
		E7E3A386119517ED0021EEC3 /* cmu_us_slt_cg.c in Sources */ = {isa = PBXBuildFile; fileRef = E7E3A311119517ED0021EEC3 /* cmu_us_slt_cg.c */; };
		E7E3A387119517ED0021EEC3 /* cmu_us_slt_cg_durmodel.c in Sources */ = {isa = PBXBuildFile; fileRef = E7E3A312119517ED0021EEC3 /* cmu_us_slt_cg_durmodel.c */; };
		E7E3A388119517ED0021EEC3 /* cmu_us_slt_cg_f0_trees.c in Sources */ = {isa = PBXBuildFile; fileRef = E7E3A314119517ED0021EEC3 /* cmu_us_slt_cg_f0_trees.c */; };
		E7E3A389119517ED0021EEC3 /* cmu_us_slt_cg_phonestate.c in Sources */ = {isa = PBXBuildFile; fileRef = E7E3A316119517ED0021EEC3 /* cmu_us_slt_cg_phonestate.c */; };
		E7E3A38A119517ED0021EEC3 /* cmu_us_slt_cg_single_mcep_trees.c in Sources */ = {isa = PBXBuildFile; fileRef = E7E3A317119517ED0021EEC3 /* cmu_us_slt_cg_single_mcep_trees.c */; };
		E7E3A38B119517ED0021EEC3 /* cmu_us_slt_cg_single_params.c in Sources */ = {isa = PBXBuildFile; fileRef = E7E3A319119517ED0021EEC3 /* cmu_us_slt_cg_single_params.c */; };
		E7E3A38C119517ED0021EEC3 /* cmu_lex.c in Sources */ = {isa = PBXBuildFile; fileRef = E7E3A31C119517ED0021EEC3 /* cmu_lex.c */; };
		E7E3A38D119517ED0021EEC3 /* cmu_lex_data.c in Sources */ = {isa = PBXBuildFile; fileRef = E7E3A31E119517ED0021EEC3 /* cmu_lex_data.c */; };
		E7E3A38E119517ED0021EEC3 /* cmu_lex_entries.c in Sources */ = {isa = PBXBuildFile; fileRef = E7E3A31F119517ED0021EEC3 /* cmu_lex_entries.c */; };
		E7E3A38F119517ED0021EEC3 /* cmu_lts_model.c in Sources */ = {isa = PBXBuildFile; fileRef = E7E3A320119517ED0021EEC3 /* cmu_lts_model.c */; };
		E7E3A390119517ED0021EEC3 /* cmu_lts_rules.c in Sources */ = {isa = PBXBuildFile; fileRef = E7E3A322119517ED0021EEC3 /* cmu_lts_rules.c */; };
		E7E3A391119517ED0021EEC3 /* cmu_postlex.c in Sources */ = {isa = PBXBuildFile; fileRef = E7E3A323119517ED0021EEC3 /* cmu_postlex.c */; };
		E7E3A392119517ED0021EEC3 /* us_aswd.c in Sources */ = {isa = PBXBuildFile; fileRef = E7E3A325119517ED0021EEC3 /* us_aswd.c */; };
		E7E3A393119517ED0021EEC3 /* us_dur_stats.c in Sources */ = {isa = PBXBuildFile; fileRef = E7E3A326119517ED0021EEC3 /* us_dur_stats.c */; };
		E7E3A394119517ED0021EEC3 /* us_durz_cart.c in Sources */ = {isa = PBXBuildFile; fileRef = E7E3A327119517ED0021EEC3 /* us_durz_cart.c */; };
		E7E3A395119517ED0021EEC3 /* us_expand.c in Sources */ = {isa = PBXBuildFile; fileRef = E7E3A329119517ED0021EEC3 /* us_expand.c */; };
		E7E3A396119517ED0021EEC3 /* us_f0_model.c in Sources */ = {isa = PBXBuildFile; fileRef = E7E3A32B119517ED0021EEC3 /* us_f0_model.c */; };
		E7E3A397119517ED0021EEC3 /* us_f0lr.c in Sources */ = {isa = PBXBuildFile; fileRef = E7E3A32C119517ED0021EEC3 /* us_f0lr.c */; };
		E7E3A398119517ED0021EEC3 /* us_ffeatures.c in Sources */ = {isa = PBXBuildFile; fileRef = E7E3A32D119517ED0021EEC3 /* us_ffeatures.c */; };
		E7E3A399119517ED0021EEC3 /* us_gpos.c in Sources */ = {isa = PBXBuildFile; fileRef = E7E3A32F119517ED0021EEC3 /* us_gpos.c */; };
		E7E3A39A119517ED0021EEC3 /* us_int_accent_cart.c in Sources */ = {isa = PBXBuildFile; fileRef = E7E3A330119517ED0021EEC3 /* us_int_accent_cart.c */; };
		E7E3A39B119517ED0021EEC3 /* us_int_tone_cart.c in Sources */ = {isa = PBXBuildFile; fileRef = E7E3A332119517ED0021EEC3 /* us_int_tone_cart.c */; };
		E7E3A39C119517ED0021EEC3 /* us_nums_cart.c in Sources */ = {isa = PBXBuildFile; fileRef = E7E3A334119517ED0021EEC3 /* us_nums_cart.c */; };
		E7E3A39D119517ED0021EEC3 /* us_phoneset.c in Sources */ = {isa = PBXBuildFile; fileRef = E7E3A336119517ED0021EEC3 /* us_phoneset.c */; };
		E7E3A39E119517ED0021EEC3 /* us_phrasing_cart.c in Sources */ = {isa = PBXBuildFile; fileRef = E7E3A337119517ED0021EEC3 /* us_phrasing_cart.c */; };
		E7E3A39F119517ED0021EEC3 /* us_pos.tree in Resources */ = {isa = PBXBuildFile; fileRef = E7E3A339119517ED0021EEC3 /* us_pos.tree */; };
		E7E3A3A0119517ED0021EEC3 /* us_pos_cart.c in Sources */ = {isa = PBXBuildFile; fileRef = E7E3A33A119517ED0021EEC3 /* us_pos_cart.c */; };
		E7E3A3A1119517ED0021EEC3 /* us_text.c in Sources */ = {isa = PBXBuildFile; fileRef = E7E3A33D119517ED0021EEC3 /* us_text.c */; };
		E7E3A3A2119517ED0021EEC3 /* usenglish.c in Sources */ = {isa = PBXBuildFile; fileRef = E7E3A33F119517ED0021EEC3 /* usenglish.c */; };
		E7E3A3A3119517ED0021EEC3 /* FliteTTS.m in Sources */ = {isa = PBXBuildFile; fileRef = E7E3A342119517ED0021EEC3 /* FliteTTS.m */; };
		E7E3A3A71195183A0021EEC3 /* AVFoundation.framework in Frameworks */ = {isa = PBXBuildFile; fileRef = E7E3A3A61195183A0021EEC3 /* AVFoundation.framework */; };
		E7E3A3B611951BA30021EEC3 /* SayCongratulations.m in Sources */ = {isa = PBXBuildFile; fileRef = E7E3A3B511951BA30021EEC3 /* SayCongratulations.m */; };
		E7E3A3EE119526570021EEC3 /* VoicePlayViewController.m in Sources */ = {isa = PBXBuildFile; fileRef = E7E3A3EC119526570021EEC3 /* VoicePlayViewController.m */; };
		E7E3A3EF119526570021EEC3 /* VoicePlayViewController.xib in Resources */ = {isa = PBXBuildFile; fileRef = E7E3A3ED119526570021EEC3 /* VoicePlayViewController.xib */; };
/* End PBXBuildFile section */

/* Begin PBXFileReference section */
		1D30AB110D05D00D00671497 /* Foundation.framework */ = {isa = PBXFileReference; lastKnownFileType = wrapper.framework; name = Foundation.framework; path = System/Library/Frameworks/Foundation.framework; sourceTree = SDKROOT; };
		1D3623240D0F684500981E51 /* TapToTeachAppDelegate.h */ = {isa = PBXFileReference; fileEncoding = 4; lastKnownFileType = sourcecode.c.h; path = TapToTeachAppDelegate.h; sourceTree = "<group>"; };
		1D3623250D0F684500981E51 /* TapToTeachAppDelegate.m */ = {isa = PBXFileReference; fileEncoding = 4; lastKnownFileType = sourcecode.c.objc; path = TapToTeachAppDelegate.m; sourceTree = "<group>"; };
		1D6058910D05DD3D006BFB54 /* TapToTeach.app */ = {isa = PBXFileReference; explicitFileType = wrapper.application; includeInIndex = 0; path = TapToTeach.app; sourceTree = BUILT_PRODUCTS_DIR; };
		1DF5F4DF0D08C38300B7A737 /* UIKit.framework */ = {isa = PBXFileReference; lastKnownFileType = wrapper.framework; name = UIKit.framework; path = System/Library/Frameworks/UIKit.framework; sourceTree = SDKROOT; };
		288765A40DF7441C002DB57D /* CoreGraphics.framework */ = {isa = PBXFileReference; lastKnownFileType = wrapper.framework; name = CoreGraphics.framework; path = System/Library/Frameworks/CoreGraphics.framework; sourceTree = SDKROOT; };
		28AD733E0D9D9553002E5188 /* MainWindow.xib */ = {isa = PBXFileReference; lastKnownFileType = file.xib; path = MainWindow.xib; sourceTree = "<group>"; };
		28C3AD890F43EF2300507BA6 /* TapToTeach.xcdatamodel */ = {isa = PBXFileReference; fileEncoding = 4; lastKnownFileType = wrapper.xcdatamodel; path = TapToTeach.xcdatamodel; sourceTree = "<group>"; };
		28D801B30F44B63D00FB423F /* CoreData.framework */ = {isa = PBXFileReference; lastKnownFileType = wrapper.framework; name = CoreData.framework; path = System/Library/Frameworks/CoreData.framework; sourceTree = SDKROOT; };
		29B97316FDCFA39411CA2CEA /* main.m */ = {isa = PBXFileReference; fileEncoding = 4; lastKnownFileType = sourcecode.c.objc; path = main.m; sourceTree = "<group>"; };
		32CA4F630368D1EE00C91783 /* TapToTeach_Prefix.pch */ = {isa = PBXFileReference; fileEncoding = 4; lastKnownFileType = sourcecode.c.h; path = TapToTeach_Prefix.pch; sourceTree = "<group>"; };
		8D1107310486CEB800E47090 /* TapToTeach-Info.plist */ = {isa = PBXFileReference; fileEncoding = 4; lastKnownFileType = text.plist.xml; path = "TapToTeach-Info.plist"; plistStructureDefinitionIdentifier = "com.apple.xcode.plist.structure-definition.iphone.info-plist"; sourceTree = "<group>"; };
		E757CE47119A69820099327A /* SettingsViewController.h */ = {isa = PBXFileReference; fileEncoding = 4; lastKnownFileType = sourcecode.c.h; path = SettingsViewController.h; sourceTree = "<group>"; };
		E757CE48119A69820099327A /* SettingsViewController.m */ = {isa = PBXFileReference; fileEncoding = 4; lastKnownFileType = sourcecode.c.objc; path = SettingsViewController.m; sourceTree = "<group>"; };
		E757CE49119A69820099327A /* SettingsViewController.xib */ = {isa = PBXFileReference; lastKnownFileType = file.xib; path = SettingsViewController.xib; sourceTree = "<group>"; };
		E777CD0911A247E700212DDE /* ActivitiesViewController.h */ = {isa = PBXFileReference; fileEncoding = 4; lastKnownFileType = sourcecode.c.h; path = ActivitiesViewController.h; sourceTree = "<group>"; };
		E777CD0A11A247E700212DDE /* ActivitiesViewController.m */ = {isa = PBXFileReference; fileEncoding = 4; lastKnownFileType = sourcecode.c.objc; path = ActivitiesViewController.m; sourceTree = "<group>"; };
		E777CD0B11A247E700212DDE /* ActivitiesViewController.xib */ = {isa = PBXFileReference; lastKnownFileType = file.xib; path = ActivitiesViewController.xib; sourceTree = "<group>"; };
		E777CD6411A2517F00212DDE /* PlaySoundFile.h */ = {isa = PBXFileReference; fileEncoding = 4; lastKnownFileType = sourcecode.c.h; path = PlaySoundFile.h; sourceTree = "<group>"; };
		E777CD6511A2517F00212DDE /* PlaySoundFile.m */ = {isa = PBXFileReference; fileEncoding = 4; lastKnownFileType = sourcecode.c.objc; path = PlaySoundFile.m; sourceTree = "<group>"; };
		E777CD6811A251D200212DDE /* HiDaddy.mp3 */ = {isa = PBXFileReference; lastKnownFileType = audio.mp3; name = HiDaddy.mp3; path = sounds/HiDaddy.mp3; sourceTree = "<group>"; };
		E777CD9111A2587900212DDE /* ball.png */ = {isa = PBXFileReference; lastKnownFileType = image.png; path = ball.png; sourceTree = "<group>"; };
		E777CD9311A2588A00212DDE /* BouncingBall.h */ = {isa = PBXFileReference; fileEncoding = 4; lastKnownFileType = sourcecode.c.h; path = BouncingBall.h; sourceTree = "<group>"; };
		E777CD9411A2588A00212DDE /* BouncingBall.m */ = {isa = PBXFileReference; fileEncoding = 4; lastKnownFileType = sourcecode.c.objc; path = BouncingBall.m; sourceTree = "<group>"; };
		E7A253B311A8E6E000F8773D /* ActivityViewController.h */ = {isa = PBXFileReference; fileEncoding = 4; lastKnownFileType = sourcecode.c.h; path = ActivityViewController.h; sourceTree = "<group>"; };
		E7A253B411A8E6E000F8773D /* ActivityViewController.m */ = {isa = PBXFileReference; fileEncoding = 4; lastKnownFileType = sourcecode.c.objc; path = ActivityViewController.m; sourceTree = "<group>"; };
		E7A254D411AA3FD800F8773D /* CleanUpViewController.h */ = {isa = PBXFileReference; fileEncoding = 4; lastKnownFileType = sourcecode.c.h; path = CleanUpViewController.h; sourceTree = "<group>"; };
		E7A254D511AA3FD800F8773D /* CleanUpViewController.m */ = {isa = PBXFileReference; fileEncoding = 4; lastKnownFileType = sourcecode.c.objc; path = CleanUpViewController.m; sourceTree = "<group>"; };
		E7A254D611AA3FD800F8773D /* CleanUpViewController.xib */ = {isa = PBXFileReference; lastKnownFileType = file.xib; path = CleanUpViewController.xib; sourceTree = "<group>"; };
		E7A254D911AA400E00F8773D /* CleanUpView.h */ = {isa = PBXFileReference; fileEncoding = 4; lastKnownFileType = sourcecode.c.h; path = CleanUpView.h; sourceTree = "<group>"; };
		E7A254DA11AA400E00F8773D /* CleanUpView.m */ = {isa = PBXFileReference; fileEncoding = 4; lastKnownFileType = sourcecode.c.objc; path = CleanUpView.m; sourceTree = "<group>"; };
		E7A2551D11AA426100F8773D /* QuartzCore.framework */ = {isa = PBXFileReference; lastKnownFileType = wrapper.framework; name = QuartzCore.framework; path = System/Library/Frameworks/QuartzCore.framework; sourceTree = SDKROOT; };
		E7A2554A11AA458F00F8773D /* CleanUpTarget.png */ = {isa = PBXFileReference; lastKnownFileType = image.png; path = CleanUpTarget.png; sourceTree = "<group>"; };
		E7A2565411AB86BC00F8773D /* FinishedPuttingAway.wav */ = {isa = PBXFileReference; lastKnownFileType = audio.wav; name = FinishedPuttingAway.wav; path = "sounds/Clean Up/FinishedPuttingAway.wav"; sourceTree = "<group>"; };
		E7A2565511AB86BC00F8773D /* PutAway.wav */ = {isa = PBXFileReference; lastKnownFileType = audio.wav; name = PutAway.wav; path = "sounds/Clean Up/PutAway.wav"; sourceTree = "<group>"; };
		E7C268CC1187EFB80054600F /* WordBankViewController.h */ = {isa = PBXFileReference; fileEncoding = 4; lastKnownFileType = sourcecode.c.h; path = WordBankViewController.h; sourceTree = "<group>"; };
		E7C268CD1187EFB80054600F /* WordBankViewController.m */ = {isa = PBXFileReference; fileEncoding = 4; lastKnownFileType = sourcecode.c.objc; path = WordBankViewController.m; sourceTree = "<group>"; };
		E7C268CE1187EFB80054600F /* WordBankViewController.xib */ = {isa = PBXFileReference; lastKnownFileType = file.xib; path = WordBankViewController.xib; sourceTree = "<group>"; };
		E7C269091187F5EF0054600F /* Utility.h */ = {isa = PBXFileReference; fileEncoding = 4; lastKnownFileType = sourcecode.c.h; path = Utility.h; sourceTree = "<group>"; };
		E7C2690A1187F5EF0054600F /* Utility.m */ = {isa = PBXFileReference; fileEncoding = 4; lastKnownFileType = sourcecode.c.objc; path = Utility.m; sourceTree = "<group>"; };
		E7C269B811888A7B0054600F /* SystemSettings.h */ = {isa = PBXFileReference; fileEncoding = 4; lastKnownFileType = sourcecode.c.h; path = SystemSettings.h; sourceTree = "<group>"; };
		E7C269B911888A7B0054600F /* SystemSettings.m */ = {isa = PBXFileReference; fileEncoding = 4; lastKnownFileType = sourcecode.c.objc; path = SystemSettings.m; sourceTree = "<group>"; };
		E7C269BA11888A7B0054600F /* WordBank.h */ = {isa = PBXFileReference; fileEncoding = 4; lastKnownFileType = sourcecode.c.h; path = WordBank.h; sourceTree = "<group>"; };
		E7C269BB11888A7B0054600F /* WordBank.m */ = {isa = PBXFileReference; fileEncoding = 4; lastKnownFileType = sourcecode.c.objc; path = WordBank.m; sourceTree = "<group>"; };
		E7C269BC11888A7B0054600F /* Word.h */ = {isa = PBXFileReference; fileEncoding = 4; lastKnownFileType = sourcecode.c.h; path = Word.h; sourceTree = "<group>"; };
		E7C269BD11888A7B0054600F /* Word.m */ = {isa = PBXFileReference; fileEncoding = 4; lastKnownFileType = sourcecode.c.objc; path = Word.m; sourceTree = "<group>"; };
		E7C26B15118B98DA0054600F /* WordBankSettingsViewController.h */ = {isa = PBXFileReference; fileEncoding = 4; lastKnownFileType = sourcecode.c.h; path = WordBankSettingsViewController.h; sourceTree = "<group>"; };
		E7C26B16118B98DA0054600F /* WordBankSettingsViewController.m */ = {isa = PBXFileReference; fileEncoding = 4; lastKnownFileType = sourcecode.c.objc; path = WordBankSettingsViewController.m; sourceTree = "<group>"; };
		E7C26B17118B98DA0054600F /* WordBankSettingsViewController.xib */ = {isa = PBXFileReference; lastKnownFileType = file.xib; path = WordBankSettingsViewController.xib; sourceTree = "<group>"; };
		E7E0704611B458E400E9869B /* CleanUpSettingsViewController.h */ = {isa = PBXFileReference; fileEncoding = 4; lastKnownFileType = sourcecode.c.h; path = CleanUpSettingsViewController.h; sourceTree = "<group>"; };
		E7E0704711B458E400E9869B /* CleanUpSettingsViewController.m */ = {isa = PBXFileReference; fileEncoding = 4; lastKnownFileType = sourcecode.c.objc; path = CleanUpSettingsViewController.m; sourceTree = "<group>"; };
		E7E0704811B458E400E9869B /* CleanUpSettingsViewController.xib */ = {isa = PBXFileReference; lastKnownFileType = file.xib; path = CleanUpSettingsViewController.xib; sourceTree = "<group>"; };
		E7E0719F11BC9AE900E9869B /* CleanUpPicture.h */ = {isa = PBXFileReference; fileEncoding = 4; lastKnownFileType = sourcecode.c.h; path = CleanUpPicture.h; sourceTree = "<group>"; };
		E7E071A011BC9AE900E9869B /* CleanUpPicture.m */ = {isa = PBXFileReference; fileEncoding = 4; lastKnownFileType = sourcecode.c.objc; path = CleanUpPicture.m; sourceTree = "<group>"; };
		E7E071A811BC9BA200E9869B /* CleanUpSettings.h */ = {isa = PBXFileReference; fileEncoding = 4; lastKnownFileType = sourcecode.c.h; path = CleanUpSettings.h; sourceTree = "<group>"; };
		E7E071A911BC9BA200E9869B /* CleanUpSettings.m */ = {isa = PBXFileReference; fileEncoding = 4; lastKnownFileType = sourcecode.c.objc; path = CleanUpSettings.m; sourceTree = "<group>"; };
		E7E39E781190796E0021EEC3 /* WordBankWordsViewController.h */ = {isa = PBXFileReference; fileEncoding = 4; lastKnownFileType = sourcecode.c.h; path = WordBankWordsViewController.h; sourceTree = "<group>"; };
		E7E39E791190796E0021EEC3 /* WordBankWordsViewController.m */ = {isa = PBXFileReference; fileEncoding = 4; lastKnownFileType = sourcecode.c.objc; path = WordBankWordsViewController.m; sourceTree = "<group>"; };
		E7E39E7A1190796E0021EEC3 /* WordBankWordsViewController.xib */ = {isa = PBXFileReference; lastKnownFileType = file.xib; path = WordBankWordsViewController.xib; sourceTree = "<group>"; };
		E7E39F47119132410021EEC3 /* WordBankSettings.h */ = {isa = PBXFileReference; fileEncoding = 4; lastKnownFileType = sourcecode.c.h; path = WordBankSettings.h; sourceTree = "<group>"; };
		E7E39F48119132410021EEC3 /* WordBankSettings.m */ = {isa = PBXFileReference; fileEncoding = 4; lastKnownFileType = sourcecode.c.objc; path = WordBankSettings.m; sourceTree = "<group>"; };
		E7E3A1D61193C7C10021EEC3 /* Congratulations.h */ = {isa = PBXFileReference; fileEncoding = 4; lastKnownFileType = sourcecode.c.h; path = Congratulations.h; sourceTree = "<group>"; };
		E7E3A1D71193C7C10021EEC3 /* Congratulations.m */ = {isa = PBXFileReference; fileEncoding = 4; lastKnownFileType = sourcecode.c.objc; path = Congratulations.m; sourceTree = "<group>"; };
		E7E3A1E11193C9690021EEC3 /* SimpleFlashing.h */ = {isa = PBXFileReference; fileEncoding = 4; lastKnownFileType = sourcecode.c.h; path = SimpleFlashing.h; sourceTree = "<group>"; };
		E7E3A1E21193C9690021EEC3 /* SimpleFlashing.m */ = {isa = PBXFileReference; fileEncoding = 4; lastKnownFileType = sourcecode.c.objc; path = SimpleFlashing.m; sourceTree = "<group>"; };
		E7E3A295119517ED0021EEC3 /* cst_alloc.h */ = {isa = PBXFileReference; fileEncoding = 4; lastKnownFileType = sourcecode.c.h; path = cst_alloc.h; sourceTree = "<group>"; };
		E7E3A296119517ED0021EEC3 /* cst_audio.h */ = {isa = PBXFileReference; fileEncoding = 4; lastKnownFileType = sourcecode.c.h; path = cst_audio.h; sourceTree = "<group>"; };
		E7E3A297119517ED0021EEC3 /* cst_cart.h */ = {isa = PBXFileReference; fileEncoding = 4; lastKnownFileType = sourcecode.c.h; path = cst_cart.h; sourceTree = "<group>"; };
		E7E3A298119517ED0021EEC3 /* cst_cg.h */ = {isa = PBXFileReference; fileEncoding = 4; lastKnownFileType = sourcecode.c.h; path = cst_cg.h; sourceTree = "<group>"; };
		E7E3A299119517ED0021EEC3 /* cst_diphone.h */ = {isa = PBXFileReference; fileEncoding = 4; lastKnownFileType = sourcecode.c.h; path = cst_diphone.h; sourceTree = "<group>"; };
		E7E3A29A119517ED0021EEC3 /* cst_endian.h */ = {isa = PBXFileReference; fileEncoding = 4; lastKnownFileType = sourcecode.c.h; path = cst_endian.h; sourceTree = "<group>"; };
		E7E3A29B119517ED0021EEC3 /* cst_error.h */ = {isa = PBXFileReference; fileEncoding = 4; lastKnownFileType = sourcecode.c.h; path = cst_error.h; sourceTree = "<group>"; };
		E7E3A29C119517ED0021EEC3 /* cst_features.h */ = {isa = PBXFileReference; fileEncoding = 4; lastKnownFileType = sourcecode.c.h; path = cst_features.h; sourceTree = "<group>"; };
		E7E3A29D119517ED0021EEC3 /* cst_ffeatures.h */ = {isa = PBXFileReference; fileEncoding = 4; lastKnownFileType = sourcecode.c.h; path = cst_ffeatures.h; sourceTree = "<group>"; };
		E7E3A29E119517ED0021EEC3 /* cst_file.h */ = {isa = PBXFileReference; fileEncoding = 4; lastKnownFileType = sourcecode.c.h; path = cst_file.h; sourceTree = "<group>"; };
		E7E3A29F119517ED0021EEC3 /* cst_hrg.h */ = {isa = PBXFileReference; fileEncoding = 4; lastKnownFileType = sourcecode.c.h; path = cst_hrg.h; sourceTree = "<group>"; };
		E7E3A2A0119517ED0021EEC3 /* cst_item.h */ = {isa = PBXFileReference; fileEncoding = 4; lastKnownFileType = sourcecode.c.h; path = cst_item.h; sourceTree = "<group>"; };
		E7E3A2A1119517ED0021EEC3 /* cst_lexicon.h */ = {isa = PBXFileReference; fileEncoding = 4; lastKnownFileType = sourcecode.c.h; path = cst_lexicon.h; sourceTree = "<group>"; };
		E7E3A2A2119517ED0021EEC3 /* cst_lts.h */ = {isa = PBXFileReference; fileEncoding = 4; lastKnownFileType = sourcecode.c.h; path = cst_lts.h; sourceTree = "<group>"; };
		E7E3A2A3119517ED0021EEC3 /* cst_math.h */ = {isa = PBXFileReference; fileEncoding = 4; lastKnownFileType = sourcecode.c.h; path = cst_math.h; sourceTree = "<group>"; };
		E7E3A2A4119517ED0021EEC3 /* cst_mlpg.h */ = {isa = PBXFileReference; fileEncoding = 4; lastKnownFileType = sourcecode.c.h; path = cst_mlpg.h; sourceTree = "<group>"; };
		E7E3A2A5119517ED0021EEC3 /* cst_mlsa.h */ = {isa = PBXFileReference; fileEncoding = 4; lastKnownFileType = sourcecode.c.h; path = cst_mlsa.h; sourceTree = "<group>"; };
		E7E3A2A6119517ED0021EEC3 /* cst_phoneset.h */ = {isa = PBXFileReference; fileEncoding = 4; lastKnownFileType = sourcecode.c.h; path = cst_phoneset.h; sourceTree = "<group>"; };
		E7E3A2A7119517ED0021EEC3 /* cst_regex.h */ = {isa = PBXFileReference; fileEncoding = 4; lastKnownFileType = sourcecode.c.h; path = cst_regex.h; sourceTree = "<group>"; };
		E7E3A2A8119517ED0021EEC3 /* cst_regex_defs.h */ = {isa = PBXFileReference; fileEncoding = 4; lastKnownFileType = sourcecode.c.h; path = cst_regex_defs.h; sourceTree = "<group>"; };
		E7E3A2A9119517ED0021EEC3 /* cst_relation.h */ = {isa = PBXFileReference; fileEncoding = 4; lastKnownFileType = sourcecode.c.h; path = cst_relation.h; sourceTree = "<group>"; };
		E7E3A2AA119517ED0021EEC3 /* cst_sigpr.h */ = {isa = PBXFileReference; fileEncoding = 4; lastKnownFileType = sourcecode.c.h; path = cst_sigpr.h; sourceTree = "<group>"; };
		E7E3A2AB119517ED0021EEC3 /* cst_string.h */ = {isa = PBXFileReference; fileEncoding = 4; lastKnownFileType = sourcecode.c.h; path = cst_string.h; sourceTree = "<group>"; };
		E7E3A2AC119517ED0021EEC3 /* cst_sts.h */ = {isa = PBXFileReference; fileEncoding = 4; lastKnownFileType = sourcecode.c.h; path = cst_sts.h; sourceTree = "<group>"; };
		E7E3A2AD119517ED0021EEC3 /* cst_synth.h */ = {isa = PBXFileReference; fileEncoding = 4; lastKnownFileType = sourcecode.c.h; path = cst_synth.h; sourceTree = "<group>"; };
		E7E3A2AE119517ED0021EEC3 /* cst_tokenstream.h */ = {isa = PBXFileReference; fileEncoding = 4; lastKnownFileType = sourcecode.c.h; path = cst_tokenstream.h; sourceTree = "<group>"; };
		E7E3A2AF119517ED0021EEC3 /* cst_track.h */ = {isa = PBXFileReference; fileEncoding = 4; lastKnownFileType = sourcecode.c.h; path = cst_track.h; sourceTree = "<group>"; };
		E7E3A2B0119517ED0021EEC3 /* cst_units.h */ = {isa = PBXFileReference; fileEncoding = 4; lastKnownFileType = sourcecode.c.h; path = cst_units.h; sourceTree = "<group>"; };
		E7E3A2B1119517ED0021EEC3 /* cst_utt_utils.h */ = {isa = PBXFileReference; fileEncoding = 4; lastKnownFileType = sourcecode.c.h; path = cst_utt_utils.h; sourceTree = "<group>"; };
		E7E3A2B2119517ED0021EEC3 /* cst_utterance.h */ = {isa = PBXFileReference; fileEncoding = 4; lastKnownFileType = sourcecode.c.h; path = cst_utterance.h; sourceTree = "<group>"; };
		E7E3A2B3119517ED0021EEC3 /* cst_val.h */ = {isa = PBXFileReference; fileEncoding = 4; lastKnownFileType = sourcecode.c.h; path = cst_val.h; sourceTree = "<group>"; };
		E7E3A2B4119517ED0021EEC3 /* cst_val_const.h */ = {isa = PBXFileReference; fileEncoding = 4; lastKnownFileType = sourcecode.c.h; path = cst_val_const.h; sourceTree = "<group>"; };
		E7E3A2B5119517ED0021EEC3 /* cst_val_defs.h */ = {isa = PBXFileReference; fileEncoding = 4; lastKnownFileType = sourcecode.c.h; path = cst_val_defs.h; sourceTree = "<group>"; };
		E7E3A2B6119517ED0021EEC3 /* cst_vc.h */ = {isa = PBXFileReference; fileEncoding = 4; lastKnownFileType = sourcecode.c.h; path = cst_vc.h; sourceTree = "<group>"; };
		E7E3A2B7119517ED0021EEC3 /* cst_viterbi.h */ = {isa = PBXFileReference; fileEncoding = 4; lastKnownFileType = sourcecode.c.h; path = cst_viterbi.h; sourceTree = "<group>"; };
		E7E3A2B8119517ED0021EEC3 /* cst_voice.h */ = {isa = PBXFileReference; fileEncoding = 4; lastKnownFileType = sourcecode.c.h; path = cst_voice.h; sourceTree = "<group>"; };
		E7E3A2B9119517ED0021EEC3 /* cst_wave.h */ = {isa = PBXFileReference; fileEncoding = 4; lastKnownFileType = sourcecode.c.h; path = cst_wave.h; sourceTree = "<group>"; };
		E7E3A2BA119517ED0021EEC3 /* flite.h */ = {isa = PBXFileReference; fileEncoding = 4; lastKnownFileType = sourcecode.c.h; path = flite.h; sourceTree = "<group>"; };
		E7E3A2BB119517ED0021EEC3 /* native_audio.h */ = {isa = PBXFileReference; fileEncoding = 4; lastKnownFileType = sourcecode.c.h; path = native_audio.h; sourceTree = "<group>"; };
		E7E3A2BD119517ED0021EEC3 /* au_none.c */ = {isa = PBXFileReference; fileEncoding = 4; lastKnownFileType = sourcecode.c.c; path = au_none.c; sourceTree = "<group>"; };
		E7E3A2BE119517ED0021EEC3 /* au_streaming.c */ = {isa = PBXFileReference; fileEncoding = 4; lastKnownFileType = sourcecode.c.c; path = au_streaming.c; sourceTree = "<group>"; };
		E7E3A2BF119517ED0021EEC3 /* audio.c */ = {isa = PBXFileReference; fileEncoding = 4; lastKnownFileType = sourcecode.c.c; path = audio.c; sourceTree = "<group>"; };
		E7E3A2C0119517ED0021EEC3 /* cst_alloc.c */ = {isa = PBXFileReference; fileEncoding = 4; lastKnownFileType = sourcecode.c.c; path = cst_alloc.c; sourceTree = "<group>"; };
		E7E3A2C1119517ED0021EEC3 /* cst_cart.c */ = {isa = PBXFileReference; fileEncoding = 4; lastKnownFileType = sourcecode.c.c; path = cst_cart.c; sourceTree = "<group>"; };
		E7E3A2C2119517ED0021EEC3 /* cst_cg.c */ = {isa = PBXFileReference; fileEncoding = 4; lastKnownFileType = sourcecode.c.c; path = cst_cg.c; sourceTree = "<group>"; };
		E7E3A2C3119517ED0021EEC3 /* cst_diphone.c */ = {isa = PBXFileReference; fileEncoding = 4; lastKnownFileType = sourcecode.c.c; path = cst_diphone.c; sourceTree = "<group>"; };
		E7E3A2C4119517ED0021EEC3 /* cst_endian.c */ = {isa = PBXFileReference; fileEncoding = 4; lastKnownFileType = sourcecode.c.c; path = cst_endian.c; sourceTree = "<group>"; };
		E7E3A2C5119517ED0021EEC3 /* cst_error.c */ = {isa = PBXFileReference; fileEncoding = 4; lastKnownFileType = sourcecode.c.c; path = cst_error.c; sourceTree = "<group>"; };
		E7E3A2C6119517ED0021EEC3 /* cst_features.c */ = {isa = PBXFileReference; fileEncoding = 4; lastKnownFileType = sourcecode.c.c; path = cst_features.c; sourceTree = "<group>"; };
		E7E3A2C7119517ED0021EEC3 /* cst_ffeature.c */ = {isa = PBXFileReference; fileEncoding = 4; lastKnownFileType = sourcecode.c.c; path = cst_ffeature.c; sourceTree = "<group>"; };
		E7E3A2C8119517ED0021EEC3 /* cst_ffeatures.c */ = {isa = PBXFileReference; fileEncoding = 4; lastKnownFileType = sourcecode.c.c; path = cst_ffeatures.c; sourceTree = "<group>"; };
		E7E3A2C9119517ED0021EEC3 /* cst_file_stdio.c */ = {isa = PBXFileReference; fileEncoding = 4; lastKnownFileType = sourcecode.c.c; path = cst_file_stdio.c; sourceTree = "<group>"; };
		E7E3A2CA119517ED0021EEC3 /* cst_item.c */ = {isa = PBXFileReference; fileEncoding = 4; lastKnownFileType = sourcecode.c.c; path = cst_item.c; sourceTree = "<group>"; };
		E7E3A2CB119517ED0021EEC3 /* cst_lexicon.c */ = {isa = PBXFileReference; fileEncoding = 4; lastKnownFileType = sourcecode.c.c; path = cst_lexicon.c; sourceTree = "<group>"; };
		E7E3A2CC119517ED0021EEC3 /* cst_lpcres.c */ = {isa = PBXFileReference; fileEncoding = 4; lastKnownFileType = sourcecode.c.c; path = cst_lpcres.c; sourceTree = "<group>"; };
		E7E3A2CD119517ED0021EEC3 /* cst_lts.c */ = {isa = PBXFileReference; fileEncoding = 4; lastKnownFileType = sourcecode.c.c; path = cst_lts.c; sourceTree = "<group>"; };
		E7E3A2CE119517ED0021EEC3 /* cst_mlpg.c */ = {isa = PBXFileReference; fileEncoding = 4; lastKnownFileType = sourcecode.c.c; path = cst_mlpg.c; sourceTree = "<group>"; };
		E7E3A2CF119517ED0021EEC3 /* cst_mlsa.c */ = {isa = PBXFileReference; fileEncoding = 4; lastKnownFileType = sourcecode.c.c; path = cst_mlsa.c; sourceTree = "<group>"; };
		E7E3A2D0119517ED0021EEC3 /* cst_phoneset.c */ = {isa = PBXFileReference; fileEncoding = 4; lastKnownFileType = sourcecode.c.c; path = cst_phoneset.c; sourceTree = "<group>"; };
		E7E3A2D1119517ED0021EEC3 /* cst_regex.c */ = {isa = PBXFileReference; fileEncoding = 4; lastKnownFileType = sourcecode.c.c; path = cst_regex.c; sourceTree = "<group>"; };
		E7E3A2D2119517ED0021EEC3 /* cst_relation.c */ = {isa = PBXFileReference; fileEncoding = 4; lastKnownFileType = sourcecode.c.c; path = cst_relation.c; sourceTree = "<group>"; };
		E7E3A2D3119517ED0021EEC3 /* cst_sigpr.c */ = {isa = PBXFileReference; fileEncoding = 4; lastKnownFileType = sourcecode.c.c; path = cst_sigpr.c; sourceTree = "<group>"; };
		E7E3A2D4119517ED0021EEC3 /* cst_string.c */ = {isa = PBXFileReference; fileEncoding = 4; lastKnownFileType = sourcecode.c.c; path = cst_string.c; sourceTree = "<group>"; };
		E7E3A2D5119517ED0021EEC3 /* cst_sts.c */ = {isa = PBXFileReference; fileEncoding = 4; lastKnownFileType = sourcecode.c.c; path = cst_sts.c; sourceTree = "<group>"; };
		E7E3A2D6119517ED0021EEC3 /* cst_synth.c */ = {isa = PBXFileReference; fileEncoding = 4; lastKnownFileType = sourcecode.c.c; path = cst_synth.c; sourceTree = "<group>"; };
		E7E3A2D7119517ED0021EEC3 /* cst_tokenstream.c */ = {isa = PBXFileReference; fileEncoding = 4; lastKnownFileType = sourcecode.c.c; path = cst_tokenstream.c; sourceTree = "<group>"; };
		E7E3A2D8119517ED0021EEC3 /* cst_track.c */ = {isa = PBXFileReference; fileEncoding = 4; lastKnownFileType = sourcecode.c.c; path = cst_track.c; sourceTree = "<group>"; };
		E7E3A2D9119517ED0021EEC3 /* cst_units.c */ = {isa = PBXFileReference; fileEncoding = 4; lastKnownFileType = sourcecode.c.c; path = cst_units.c; sourceTree = "<group>"; };
		E7E3A2DA119517ED0021EEC3 /* cst_utt_utils.c */ = {isa = PBXFileReference; fileEncoding = 4; lastKnownFileType = sourcecode.c.c; path = cst_utt_utils.c; sourceTree = "<group>"; };
		E7E3A2DB119517ED0021EEC3 /* cst_utterance.c */ = {isa = PBXFileReference; fileEncoding = 4; lastKnownFileType = sourcecode.c.c; path = cst_utterance.c; sourceTree = "<group>"; };
		E7E3A2DC119517ED0021EEC3 /* cst_val.c */ = {isa = PBXFileReference; fileEncoding = 4; lastKnownFileType = sourcecode.c.c; path = cst_val.c; sourceTree = "<group>"; };
		E7E3A2DD119517ED0021EEC3 /* cst_val_const.c */ = {isa = PBXFileReference; fileEncoding = 4; lastKnownFileType = sourcecode.c.c; path = cst_val_const.c; sourceTree = "<group>"; };
		E7E3A2DE119517ED0021EEC3 /* cst_val_user.c */ = {isa = PBXFileReference; fileEncoding = 4; lastKnownFileType = sourcecode.c.c; path = cst_val_user.c; sourceTree = "<group>"; };
		E7E3A2DF119517ED0021EEC3 /* cst_vc.c */ = {isa = PBXFileReference; fileEncoding = 4; lastKnownFileType = sourcecode.c.c; path = cst_vc.c; sourceTree = "<group>"; };
		E7E3A2E0119517ED0021EEC3 /* cst_voice.c */ = {isa = PBXFileReference; fileEncoding = 4; lastKnownFileType = sourcecode.c.c; path = cst_voice.c; sourceTree = "<group>"; };
		E7E3A2E1119517ED0021EEC3 /* cst_wave.c */ = {isa = PBXFileReference; fileEncoding = 4; lastKnownFileType = sourcecode.c.c; path = cst_wave.c; sourceTree = "<group>"; };
		E7E3A2E2119517ED0021EEC3 /* cst_wave_io.c */ = {isa = PBXFileReference; fileEncoding = 4; lastKnownFileType = sourcecode.c.c; path = cst_wave_io.c; sourceTree = "<group>"; };
		E7E3A2E3119517ED0021EEC3 /* cst_wave_utils.c */ = {isa = PBXFileReference; fileEncoding = 4; lastKnownFileType = sourcecode.c.c; path = cst_wave_utils.c; sourceTree = "<group>"; };
		E7E3A2E4119517ED0021EEC3 /* flite.c */ = {isa = PBXFileReference; fileEncoding = 4; lastKnownFileType = sourcecode.c.c; path = flite.c; sourceTree = "<group>"; };
		E7E3A2E5119517ED0021EEC3 /* rateconv.c */ = {isa = PBXFileReference; fileEncoding = 4; lastKnownFileType = sourcecode.c.c; path = rateconv.c; sourceTree = "<group>"; };
		E7E3A2E6119517ED0021EEC3 /* regexp.c */ = {isa = PBXFileReference; fileEncoding = 4; lastKnownFileType = sourcecode.c.c; path = regexp.c; sourceTree = "<group>"; };
		E7E3A2E9119517ED0021EEC3 /* cmu_us_awb.c */ = {isa = PBXFileReference; fileEncoding = 4; lastKnownFileType = sourcecode.c.c; path = cmu_us_awb.c; sourceTree = "<group>"; };
		E7E3A2EA119517ED0021EEC3 /* cmu_us_awb_cg.c */ = {isa = PBXFileReference; fileEncoding = 4; lastKnownFileType = sourcecode.c.c; path = cmu_us_awb_cg.c; sourceTree = "<group>"; };
		E7E3A2EB119517ED0021EEC3 /* cmu_us_awb_cg_durmodel.c */ = {isa = PBXFileReference; fileEncoding = 4; lastKnownFileType = sourcecode.c.c; path = cmu_us_awb_cg_durmodel.c; sourceTree = "<group>"; };
		E7E3A2EC119517ED0021EEC3 /* cmu_us_awb_cg_durmodel.h */ = {isa = PBXFileReference; fileEncoding = 4; lastKnownFileType = sourcecode.c.h; path = cmu_us_awb_cg_durmodel.h; sourceTree = "<group>"; };
		E7E3A2ED119517ED0021EEC3 /* cmu_us_awb_cg_f0_trees.c */ = {isa = PBXFileReference; fileEncoding = 4; lastKnownFileType = sourcecode.c.c; path = cmu_us_awb_cg_f0_trees.c; sourceTree = "<group>"; };
		E7E3A2EE119517ED0021EEC3 /* cmu_us_awb_cg_f0_trees.h */ = {isa = PBXFileReference; fileEncoding = 4; lastKnownFileType = sourcecode.c.h; path = cmu_us_awb_cg_f0_trees.h; sourceTree = "<group>"; };
		E7E3A2EF119517ED0021EEC3 /* cmu_us_awb_cg_phonestate.c */ = {isa = PBXFileReference; fileEncoding = 4; lastKnownFileType = sourcecode.c.c; path = cmu_us_awb_cg_phonestate.c; sourceTree = "<group>"; };
		E7E3A2F0119517ED0021EEC3 /* cmu_us_awb_cg_single_mcep_trees.c */ = {isa = PBXFileReference; fileEncoding = 4; lastKnownFileType = sourcecode.c.c; path = cmu_us_awb_cg_single_mcep_trees.c; sourceTree = "<group>"; };
		E7E3A2F1119517ED0021EEC3 /* cmu_us_awb_cg_single_mcep_trees.h */ = {isa = PBXFileReference; fileEncoding = 4; lastKnownFileType = sourcecode.c.h; path = cmu_us_awb_cg_single_mcep_trees.h; sourceTree = "<group>"; };
		E7E3A2F2119517ED0021EEC3 /* cmu_us_awb_cg_single_params.c */ = {isa = PBXFileReference; fileEncoding = 4; lastKnownFileType = sourcecode.c.c; path = cmu_us_awb_cg_single_params.c; sourceTree = "<group>"; };
		E7E3A2F3119517ED0021EEC3 /* voxdefs.h */ = {isa = PBXFileReference; fileEncoding = 4; lastKnownFileType = sourcecode.c.h; path = voxdefs.h; sourceTree = "<group>"; };
		E7E3A2F5119517ED0021EEC3 /* cmu_us_kal.c */ = {isa = PBXFileReference; fileEncoding = 4; lastKnownFileType = sourcecode.c.c; path = cmu_us_kal.c; sourceTree = "<group>"; };
		E7E3A2F6119517ED0021EEC3 /* cmu_us_kal_diphone.c */ = {isa = PBXFileReference; fileEncoding = 4; lastKnownFileType = sourcecode.c.c; path = cmu_us_kal_diphone.c; sourceTree = "<group>"; };
		E7E3A2F7119517ED0021EEC3 /* cmu_us_kal_lpc.c */ = {isa = PBXFileReference; fileEncoding = 4; lastKnownFileType = sourcecode.c.c; path = cmu_us_kal_lpc.c; sourceTree = "<group>"; };
		E7E3A2F8119517ED0021EEC3 /* cmu_us_kal_res.c */ = {isa = PBXFileReference; fileEncoding = 4; lastKnownFileType = sourcecode.c.c; path = cmu_us_kal_res.c; sourceTree = "<group>"; };
		E7E3A2F9119517ED0021EEC3 /* cmu_us_kal_residx.c */ = {isa = PBXFileReference; fileEncoding = 4; lastKnownFileType = sourcecode.c.c; path = cmu_us_kal_residx.c; sourceTree = "<group>"; };
		E7E3A2FA119517ED0021EEC3 /* voxdefs.h */ = {isa = PBXFileReference; fileEncoding = 4; lastKnownFileType = sourcecode.c.h; path = voxdefs.h; sourceTree = "<group>"; };
		E7E3A2FC119517ED0021EEC3 /* cmu_us_kal16.c */ = {isa = PBXFileReference; fileEncoding = 4; lastKnownFileType = sourcecode.c.c; path = cmu_us_kal16.c; sourceTree = "<group>"; };
		E7E3A2FD119517ED0021EEC3 /* cmu_us_kal16_diphone.c */ = {isa = PBXFileReference; fileEncoding = 4; lastKnownFileType = sourcecode.c.c; path = cmu_us_kal16_diphone.c; sourceTree = "<group>"; };
		E7E3A2FE119517ED0021EEC3 /* cmu_us_kal16_lpc.c */ = {isa = PBXFileReference; fileEncoding = 4; lastKnownFileType = sourcecode.c.c; path = cmu_us_kal16_lpc.c; sourceTree = "<group>"; };
		E7E3A2FF119517ED0021EEC3 /* cmu_us_kal16_res.c */ = {isa = PBXFileReference; fileEncoding = 4; lastKnownFileType = sourcecode.c.c; path = cmu_us_kal16_res.c; sourceTree = "<group>"; };
		E7E3A300119517ED0021EEC3 /* cmu_us_kal16_residx.c */ = {isa = PBXFileReference; fileEncoding = 4; lastKnownFileType = sourcecode.c.c; path = cmu_us_kal16_residx.c; sourceTree = "<group>"; };
		E7E3A301119517ED0021EEC3 /* voxdefs.h */ = {isa = PBXFileReference; fileEncoding = 4; lastKnownFileType = sourcecode.c.h; path = voxdefs.h; sourceTree = "<group>"; };
		E7E3A303119517ED0021EEC3 /* cmu_us_rms.c */ = {isa = PBXFileReference; fileEncoding = 4; lastKnownFileType = sourcecode.c.c; path = cmu_us_rms.c; sourceTree = "<group>"; };
		E7E3A304119517ED0021EEC3 /* cmu_us_rms_cg.c */ = {isa = PBXFileReference; fileEncoding = 4; lastKnownFileType = sourcecode.c.c; path = cmu_us_rms_cg.c; sourceTree = "<group>"; };
		E7E3A305119517ED0021EEC3 /* cmu_us_rms_cg_durmodel.c */ = {isa = PBXFileReference; fileEncoding = 4; lastKnownFileType = sourcecode.c.c; path = cmu_us_rms_cg_durmodel.c; sourceTree = "<group>"; };
		E7E3A306119517ED0021EEC3 /* cmu_us_rms_cg_durmodel.h */ = {isa = PBXFileReference; fileEncoding = 4; lastKnownFileType = sourcecode.c.h; path = cmu_us_rms_cg_durmodel.h; sourceTree = "<group>"; };
		E7E3A307119517ED0021EEC3 /* cmu_us_rms_cg_f0_trees.c */ = {isa = PBXFileReference; fileEncoding = 4; lastKnownFileType = sourcecode.c.c; path = cmu_us_rms_cg_f0_trees.c; sourceTree = "<group>"; };
		E7E3A308119517ED0021EEC3 /* cmu_us_rms_cg_f0_trees.h */ = {isa = PBXFileReference; fileEncoding = 4; lastKnownFileType = sourcecode.c.h; path = cmu_us_rms_cg_f0_trees.h; sourceTree = "<group>"; };
		E7E3A309119517ED0021EEC3 /* cmu_us_rms_cg_phonestate.c */ = {isa = PBXFileReference; fileEncoding = 4; lastKnownFileType = sourcecode.c.c; path = cmu_us_rms_cg_phonestate.c; sourceTree = "<group>"; };
		E7E3A30A119517ED0021EEC3 /* cmu_us_rms_cg_single_mcep_trees.c */ = {isa = PBXFileReference; fileEncoding = 4; lastKnownFileType = sourcecode.c.c; path = cmu_us_rms_cg_single_mcep_trees.c; sourceTree = "<group>"; };
		E7E3A30B119517ED0021EEC3 /* cmu_us_rms_cg_single_mcep_trees.h */ = {isa = PBXFileReference; fileEncoding = 4; lastKnownFileType = sourcecode.c.h; path = cmu_us_rms_cg_single_mcep_trees.h; sourceTree = "<group>"; };
		E7E3A30C119517ED0021EEC3 /* cmu_us_rms_cg_single_params.c */ = {isa = PBXFileReference; fileEncoding = 4; lastKnownFileType = sourcecode.c.c; path = cmu_us_rms_cg_single_params.c; sourceTree = "<group>"; };
		E7E3A30D119517ED0021EEC3 /* stdafx.h */ = {isa = PBXFileReference; fileEncoding = 4; lastKnownFileType = sourcecode.c.h; path = stdafx.h; sourceTree = "<group>"; };
		E7E3A30E119517ED0021EEC3 /* voxdefs.h */ = {isa = PBXFileReference; fileEncoding = 4; lastKnownFileType = sourcecode.c.h; path = voxdefs.h; sourceTree = "<group>"; };
		E7E3A310119517ED0021EEC3 /* cmu_us_slt.c */ = {isa = PBXFileReference; fileEncoding = 4; lastKnownFileType = sourcecode.c.c; path = cmu_us_slt.c; sourceTree = "<group>"; };
		E7E3A311119517ED0021EEC3 /* cmu_us_slt_cg.c */ = {isa = PBXFileReference; fileEncoding = 4; lastKnownFileType = sourcecode.c.c; path = cmu_us_slt_cg.c; sourceTree = "<group>"; };
		E7E3A312119517ED0021EEC3 /* cmu_us_slt_cg_durmodel.c */ = {isa = PBXFileReference; fileEncoding = 4; lastKnownFileType = sourcecode.c.c; path = cmu_us_slt_cg_durmodel.c; sourceTree = "<group>"; };
		E7E3A313119517ED0021EEC3 /* cmu_us_slt_cg_durmodel.h */ = {isa = PBXFileReference; fileEncoding = 4; lastKnownFileType = sourcecode.c.h; path = cmu_us_slt_cg_durmodel.h; sourceTree = "<group>"; };
		E7E3A314119517ED0021EEC3 /* cmu_us_slt_cg_f0_trees.c */ = {isa = PBXFileReference; fileEncoding = 4; lastKnownFileType = sourcecode.c.c; path = cmu_us_slt_cg_f0_trees.c; sourceTree = "<group>"; };
		E7E3A315119517ED0021EEC3 /* cmu_us_slt_cg_f0_trees.h */ = {isa = PBXFileReference; fileEncoding = 4; lastKnownFileType = sourcecode.c.h; path = cmu_us_slt_cg_f0_trees.h; sourceTree = "<group>"; };
		E7E3A316119517ED0021EEC3 /* cmu_us_slt_cg_phonestate.c */ = {isa = PBXFileReference; fileEncoding = 4; lastKnownFileType = sourcecode.c.c; path = cmu_us_slt_cg_phonestate.c; sourceTree = "<group>"; };
		E7E3A317119517ED0021EEC3 /* cmu_us_slt_cg_single_mcep_trees.c */ = {isa = PBXFileReference; fileEncoding = 4; lastKnownFileType = sourcecode.c.c; path = cmu_us_slt_cg_single_mcep_trees.c; sourceTree = "<group>"; };
		E7E3A318119517ED0021EEC3 /* cmu_us_slt_cg_single_mcep_trees.h */ = {isa = PBXFileReference; fileEncoding = 4; lastKnownFileType = sourcecode.c.h; path = cmu_us_slt_cg_single_mcep_trees.h; sourceTree = "<group>"; };
		E7E3A319119517ED0021EEC3 /* cmu_us_slt_cg_single_params.c */ = {isa = PBXFileReference; fileEncoding = 4; lastKnownFileType = sourcecode.c.c; path = cmu_us_slt_cg_single_params.c; sourceTree = "<group>"; };
		E7E3A31A119517ED0021EEC3 /* voxdefs.h */ = {isa = PBXFileReference; fileEncoding = 4; lastKnownFileType = sourcecode.c.h; path = voxdefs.h; sourceTree = "<group>"; };
		E7E3A31C119517ED0021EEC3 /* cmu_lex.c */ = {isa = PBXFileReference; fileEncoding = 4; lastKnownFileType = sourcecode.c.c; path = cmu_lex.c; sourceTree = "<group>"; };
		E7E3A31D119517ED0021EEC3 /* cmu_lex.h */ = {isa = PBXFileReference; fileEncoding = 4; lastKnownFileType = sourcecode.c.h; path = cmu_lex.h; sourceTree = "<group>"; };
		E7E3A31E119517ED0021EEC3 /* cmu_lex_data.c */ = {isa = PBXFileReference; fileEncoding = 4; lastKnownFileType = sourcecode.c.c; path = cmu_lex_data.c; sourceTree = "<group>"; };
		E7E3A31F119517ED0021EEC3 /* cmu_lex_entries.c */ = {isa = PBXFileReference; fileEncoding = 4; lastKnownFileType = sourcecode.c.c; path = cmu_lex_entries.c; sourceTree = "<group>"; };
		E7E3A320119517ED0021EEC3 /* cmu_lts_model.c */ = {isa = PBXFileReference; fileEncoding = 4; lastKnownFileType = sourcecode.c.c; path = cmu_lts_model.c; sourceTree = "<group>"; };
		E7E3A321119517ED0021EEC3 /* cmu_lts_model.h */ = {isa = PBXFileReference; fileEncoding = 4; lastKnownFileType = sourcecode.c.h; path = cmu_lts_model.h; sourceTree = "<group>"; };
		E7E3A322119517ED0021EEC3 /* cmu_lts_rules.c */ = {isa = PBXFileReference; fileEncoding = 4; lastKnownFileType = sourcecode.c.c; path = cmu_lts_rules.c; sourceTree = "<group>"; };
		E7E3A323119517ED0021EEC3 /* cmu_postlex.c */ = {isa = PBXFileReference; fileEncoding = 4; lastKnownFileType = sourcecode.c.c; path = cmu_postlex.c; sourceTree = "<group>"; };
		E7E3A325119517ED0021EEC3 /* us_aswd.c */ = {isa = PBXFileReference; fileEncoding = 4; lastKnownFileType = sourcecode.c.c; path = us_aswd.c; sourceTree = "<group>"; };
		E7E3A326119517ED0021EEC3 /* us_dur_stats.c */ = {isa = PBXFileReference; fileEncoding = 4; lastKnownFileType = sourcecode.c.c; path = us_dur_stats.c; sourceTree = "<group>"; };
		E7E3A327119517ED0021EEC3 /* us_durz_cart.c */ = {isa = PBXFileReference; fileEncoding = 4; lastKnownFileType = sourcecode.c.c; path = us_durz_cart.c; sourceTree = "<group>"; };
		E7E3A328119517ED0021EEC3 /* us_durz_cart.h */ = {isa = PBXFileReference; fileEncoding = 4; lastKnownFileType = sourcecode.c.h; path = us_durz_cart.h; sourceTree = "<group>"; };
		E7E3A329119517ED0021EEC3 /* us_expand.c */ = {isa = PBXFileReference; fileEncoding = 4; lastKnownFileType = sourcecode.c.c; path = us_expand.c; sourceTree = "<group>"; };
		E7E3A32A119517ED0021EEC3 /* us_f0.h */ = {isa = PBXFileReference; fileEncoding = 4; lastKnownFileType = sourcecode.c.h; path = us_f0.h; sourceTree = "<group>"; };
		E7E3A32B119517ED0021EEC3 /* us_f0_model.c */ = {isa = PBXFileReference; fileEncoding = 4; lastKnownFileType = sourcecode.c.c; path = us_f0_model.c; sourceTree = "<group>"; };
		E7E3A32C119517ED0021EEC3 /* us_f0lr.c */ = {isa = PBXFileReference; fileEncoding = 4; lastKnownFileType = sourcecode.c.c; path = us_f0lr.c; sourceTree = "<group>"; };
		E7E3A32D119517ED0021EEC3 /* us_ffeatures.c */ = {isa = PBXFileReference; fileEncoding = 4; lastKnownFileType = sourcecode.c.c; path = us_ffeatures.c; sourceTree = "<group>"; };
		E7E3A32E119517ED0021EEC3 /* us_ffeatures.h */ = {isa = PBXFileReference; fileEncoding = 4; lastKnownFileType = sourcecode.c.h; path = us_ffeatures.h; sourceTree = "<group>"; };
		E7E3A32F119517ED0021EEC3 /* us_gpos.c */ = {isa = PBXFileReference; fileEncoding = 4; lastKnownFileType = sourcecode.c.c; path = us_gpos.c; sourceTree = "<group>"; };
		E7E3A330119517ED0021EEC3 /* us_int_accent_cart.c */ = {isa = PBXFileReference; fileEncoding = 4; lastKnownFileType = sourcecode.c.c; path = us_int_accent_cart.c; sourceTree = "<group>"; };
		E7E3A331119517ED0021EEC3 /* us_int_accent_cart.h */ = {isa = PBXFileReference; fileEncoding = 4; lastKnownFileType = sourcecode.c.h; path = us_int_accent_cart.h; sourceTree = "<group>"; };
		E7E3A332119517ED0021EEC3 /* us_int_tone_cart.c */ = {isa = PBXFileReference; fileEncoding = 4; lastKnownFileType = sourcecode.c.c; path = us_int_tone_cart.c; sourceTree = "<group>"; };
		E7E3A333119517ED0021EEC3 /* us_int_tone_cart.h */ = {isa = PBXFileReference; fileEncoding = 4; lastKnownFileType = sourcecode.c.h; path = us_int_tone_cart.h; sourceTree = "<group>"; };
		E7E3A334119517ED0021EEC3 /* us_nums_cart.c */ = {isa = PBXFileReference; fileEncoding = 4; lastKnownFileType = sourcecode.c.c; path = us_nums_cart.c; sourceTree = "<group>"; };
		E7E3A335119517ED0021EEC3 /* us_nums_cart.h */ = {isa = PBXFileReference; fileEncoding = 4; lastKnownFileType = sourcecode.c.h; path = us_nums_cart.h; sourceTree = "<group>"; };
		E7E3A336119517ED0021EEC3 /* us_phoneset.c */ = {isa = PBXFileReference; fileEncoding = 4; lastKnownFileType = sourcecode.c.c; path = us_phoneset.c; sourceTree = "<group>"; };
		E7E3A337119517ED0021EEC3 /* us_phrasing_cart.c */ = {isa = PBXFileReference; fileEncoding = 4; lastKnownFileType = sourcecode.c.c; path = us_phrasing_cart.c; sourceTree = "<group>"; };
		E7E3A338119517ED0021EEC3 /* us_phrasing_cart.h */ = {isa = PBXFileReference; fileEncoding = 4; lastKnownFileType = sourcecode.c.h; path = us_phrasing_cart.h; sourceTree = "<group>"; };
		E7E3A339119517ED0021EEC3 /* us_pos.tree */ = {isa = PBXFileReference; fileEncoding = 4; lastKnownFileType = text; path = us_pos.tree; sourceTree = "<group>"; };
		E7E3A33A119517ED0021EEC3 /* us_pos_cart.c */ = {isa = PBXFileReference; fileEncoding = 4; lastKnownFileType = sourcecode.c.c; path = us_pos_cart.c; sourceTree = "<group>"; };
		E7E3A33B119517ED0021EEC3 /* us_pos_cart.h */ = {isa = PBXFileReference; fileEncoding = 4; lastKnownFileType = sourcecode.c.h; path = us_pos_cart.h; sourceTree = "<group>"; };
		E7E3A33C119517ED0021EEC3 /* us_regexes.h */ = {isa = PBXFileReference; fileEncoding = 4; lastKnownFileType = sourcecode.c.h; path = us_regexes.h; sourceTree = "<group>"; };
		E7E3A33D119517ED0021EEC3 /* us_text.c */ = {isa = PBXFileReference; fileEncoding = 4; lastKnownFileType = sourcecode.c.c; path = us_text.c; sourceTree = "<group>"; };
		E7E3A33E119517ED0021EEC3 /* us_text.h */ = {isa = PBXFileReference; fileEncoding = 4; lastKnownFileType = sourcecode.c.h; path = us_text.h; sourceTree = "<group>"; };
		E7E3A33F119517ED0021EEC3 /* usenglish.c */ = {isa = PBXFileReference; fileEncoding = 4; lastKnownFileType = sourcecode.c.c; path = usenglish.c; sourceTree = "<group>"; };
		E7E3A340119517ED0021EEC3 /* usenglish.h */ = {isa = PBXFileReference; fileEncoding = 4; lastKnownFileType = sourcecode.c.h; path = usenglish.h; sourceTree = "<group>"; };
		E7E3A341119517ED0021EEC3 /* FliteTTS.h */ = {isa = PBXFileReference; fileEncoding = 4; lastKnownFileType = sourcecode.c.h; path = FliteTTS.h; sourceTree = "<group>"; };
		E7E3A342119517ED0021EEC3 /* FliteTTS.m */ = {isa = PBXFileReference; fileEncoding = 4; lastKnownFileType = sourcecode.c.objc; path = FliteTTS.m; sourceTree = "<group>"; };
		E7E3A3A61195183A0021EEC3 /* AVFoundation.framework */ = {isa = PBXFileReference; lastKnownFileType = wrapper.framework; name = AVFoundation.framework; path = System/Library/Frameworks/AVFoundation.framework; sourceTree = SDKROOT; };
		E7E3A3B411951BA30021EEC3 /* SayCongratulations.h */ = {isa = PBXFileReference; fileEncoding = 4; lastKnownFileType = sourcecode.c.h; path = SayCongratulations.h; sourceTree = "<group>"; };
		E7E3A3B511951BA30021EEC3 /* SayCongratulations.m */ = {isa = PBXFileReference; fileEncoding = 4; lastKnownFileType = sourcecode.c.objc; path = SayCongratulations.m; sourceTree = "<group>"; };
		E7E3A3EB119526570021EEC3 /* VoicePlayViewController.h */ = {isa = PBXFileReference; fileEncoding = 4; lastKnownFileType = sourcecode.c.h; path = VoicePlayViewController.h; sourceTree = "<group>"; };
		E7E3A3EC119526570021EEC3 /* VoicePlayViewController.m */ = {isa = PBXFileReference; fileEncoding = 4; lastKnownFileType = sourcecode.c.objc; path = VoicePlayViewController.m; sourceTree = "<group>"; };
		E7E3A3ED119526570021EEC3 /* VoicePlayViewController.xib */ = {isa = PBXFileReference; lastKnownFileType = file.xib; path = VoicePlayViewController.xib; sourceTree = "<group>"; };
/* End PBXFileReference section */

/* Begin PBXFrameworksBuildPhase section */
		1D60588F0D05DD3D006BFB54 /* Frameworks */ = {
			isa = PBXFrameworksBuildPhase;
			buildActionMask = 2147483647;
			files = (
				1D60589F0D05DD5A006BFB54 /* Foundation.framework in Frameworks */,
				1DF5F4E00D08C38300B7A737 /* UIKit.framework in Frameworks */,
				288765A50DF7441C002DB57D /* CoreGraphics.framework in Frameworks */,
				28D801B40F44B63D00FB423F /* CoreData.framework in Frameworks */,
				E7E3A3A71195183A0021EEC3 /* AVFoundation.framework in Frameworks */,
				E7A2551E11AA426100F8773D /* QuartzCore.framework in Frameworks */,
			);
			runOnlyForDeploymentPostprocessing = 0;
		};
/* End PBXFrameworksBuildPhase section */

/* Begin PBXGroup section */
		080E96DDFE201D6D7F000001 /* Classes */ = {
			isa = PBXGroup;
			children = (
				1D3623240D0F684500981E51 /* TapToTeachAppDelegate.h */,
				1D3623250D0F684500981E51 /* TapToTeachAppDelegate.m */,
				E7C269091187F5EF0054600F /* Utility.h */,
				E7C2690A1187F5EF0054600F /* Utility.m */,
				E757CE47119A69820099327A /* SettingsViewController.h */,
				E757CE48119A69820099327A /* SettingsViewController.m */,
				E757CE49119A69820099327A /* SettingsViewController.xib */,
				E777CD0911A247E700212DDE /* ActivitiesViewController.h */,
				E777CD0A11A247E700212DDE /* ActivitiesViewController.m */,
				E777CD0B11A247E700212DDE /* ActivitiesViewController.xib */,
			);
			path = Classes;
			sourceTree = "<group>";
		};
		19C28FACFE9D520D11CA2CBB /* Products */ = {
			isa = PBXGroup;
			children = (
				1D6058910D05DD3D006BFB54 /* TapToTeach.app */,
			);
			name = Products;
			sourceTree = "<group>";
		};
		29B97314FDCFA39411CA2CEA /* CustomTemplate */ = {
			isa = PBXGroup;
			children = (
				E7E3A292119517D60021EEC3 /* Text to Speech */,
				E7C268CB1187EF810054600F /* Activities */,
				080E96DDFE201D6D7F000001 /* Classes */,
				29B97315FDCFA39411CA2CEA /* Other Sources */,
				29B97317FDCFA39411CA2CEA /* Resources */,
				29B97323FDCFA39411CA2CEA /* Frameworks */,
				19C28FACFE9D520D11CA2CBB /* Products */,
			);
			name = CustomTemplate;
			sourceTree = "<group>";
		};
		29B97315FDCFA39411CA2CEA /* Other Sources */ = {
			isa = PBXGroup;
			children = (
				32CA4F630368D1EE00C91783 /* TapToTeach_Prefix.pch */,
				29B97316FDCFA39411CA2CEA /* main.m */,
			);
			name = "Other Sources";
			sourceTree = "<group>";
		};
		29B97317FDCFA39411CA2CEA /* Resources */ = {
			isa = PBXGroup;
			children = (
				28193054112F811F00ECF9B4 /* TapToTeach.xcdatamodeld */,
				28AD733E0D9D9553002E5188 /* MainWindow.xib */,
				8D1107310486CEB800E47090 /* TapToTeach-Info.plist */,
			);
			name = Resources;
			sourceTree = "<group>";
		};
		29B97323FDCFA39411CA2CEA /* Frameworks */ = {
			isa = PBXGroup;
			children = (
				E7A2551D11AA426100F8773D /* QuartzCore.framework */,
				1DF5F4DF0D08C38300B7A737 /* UIKit.framework */,
				1D30AB110D05D00D00671497 /* Foundation.framework */,
				288765A40DF7441C002DB57D /* CoreGraphics.framework */,
				28D801B30F44B63D00FB423F /* CoreData.framework */,
				E7E3A3A61195183A0021EEC3 /* AVFoundation.framework */,
			);
			name = Frameworks;
			sourceTree = "<group>";
		};
		E777CD6711A251BF00212DDE /* Sounds */ = {
			isa = PBXGroup;
			children = (
				E777CD6811A251D200212DDE /* HiDaddy.mp3 */,
			);
			name = Sounds;
			sourceTree = "<group>";
		};
		E777CD9011A2585C00212DDE /* Images */ = {
			isa = PBXGroup;
			children = (
				E777CD9111A2587900212DDE /* ball.png */,
			);
			name = Images;
			sourceTree = "<group>";
		};
		E7A254D111AA3F2E00F8773D /* Clean Up */ = {
			isa = PBXGroup;
			children = (
				E7A2564E11AB867E00F8773D /* sounds */,
				E7A2554A11AA458F00F8773D /* CleanUpTarget.png */,
				E7A254D411AA3FD800F8773D /* CleanUpViewController.h */,
				E7A254D511AA3FD800F8773D /* CleanUpViewController.m */,
				E7A254D611AA3FD800F8773D /* CleanUpViewController.xib */,
				E7A254D911AA400E00F8773D /* CleanUpView.h */,
				E7A254DA11AA400E00F8773D /* CleanUpView.m */,
				E7E0704611B458E400E9869B /* CleanUpSettingsViewController.h */,
				E7E0704711B458E400E9869B /* CleanUpSettingsViewController.m */,
				E7E0704811B458E400E9869B /* CleanUpSettingsViewController.xib */,
			);
			name = "Clean Up";
			sourceTree = "<group>";
		};
		E7A2564E11AB867E00F8773D /* sounds */ = {
			isa = PBXGroup;
			children = (
				E7A2565411AB86BC00F8773D /* FinishedPuttingAway.wav */,
				E7A2565511AB86BC00F8773D /* PutAway.wav */,
			);
			name = sounds;
			sourceTree = "<group>";
		};
		E7C268CB1187EF810054600F /* Activities */ = {
			isa = PBXGroup;
			children = (
				E7A254D111AA3F2E00F8773D /* Clean Up */,
				E7E3A3EA119526440021EEC3 /* Voice Play */,
				E7E3A1CE1193C46F0021EEC3 /* Congratulations */,
				E7C268D41187F0500054600F /* Word Bank */,
				E7A253B311A8E6E000F8773D /* ActivityViewController.h */,
				E7A253B411A8E6E000F8773D /* ActivityViewController.m */,
			);
			name = Activities;
			sourceTree = "<group>";
		};
		E7C268D41187F0500054600F /* Word Bank */ = {
			isa = PBXGroup;
			children = (
				E7C268CC1187EFB80054600F /* WordBankViewController.h */,
				E7C268CD1187EFB80054600F /* WordBankViewController.m */,
				E7C268CE1187EFB80054600F /* WordBankViewController.xib */,
				E7C26B15118B98DA0054600F /* WordBankSettingsViewController.h */,
				E7C26B16118B98DA0054600F /* WordBankSettingsViewController.m */,
				E7C26B17118B98DA0054600F /* WordBankSettingsViewController.xib */,
				E7E39E781190796E0021EEC3 /* WordBankWordsViewController.h */,
				E7E39E791190796E0021EEC3 /* WordBankWordsViewController.m */,
				E7E39E7A1190796E0021EEC3 /* WordBankWordsViewController.xib */,
			);
			name = "Word Bank";
			sourceTree = "<group>";
		};
		E7E3A1CE1193C46F0021EEC3 /* Congratulations */ = {
			isa = PBXGroup;
			children = (
				E777CD9011A2585C00212DDE /* Images */,
				E777CD6711A251BF00212DDE /* Sounds */,
				E7E3A1D61193C7C10021EEC3 /* Congratulations.h */,
				E7E3A1D71193C7C10021EEC3 /* Congratulations.m */,
				E7E3A1E11193C9690021EEC3 /* SimpleFlashing.h */,
				E7E3A1E21193C9690021EEC3 /* SimpleFlashing.m */,
				E7E3A3B411951BA30021EEC3 /* SayCongratulations.h */,
				E7E3A3B511951BA30021EEC3 /* SayCongratulations.m */,
				E777CD6411A2517F00212DDE /* PlaySoundFile.h */,
				E777CD6511A2517F00212DDE /* PlaySoundFile.m */,
				E777CD9311A2588A00212DDE /* BouncingBall.h */,
				E777CD9411A2588A00212DDE /* BouncingBall.m */,
			);
			name = Congratulations;
			sourceTree = "<group>";
		};
		E7E3A292119517D60021EEC3 /* Text to Speech */ = {
			isa = PBXGroup;
			children = (
				E7E3A293119517ED0021EEC3 /* flite-1.4-iphone */,
				E7E3A341119517ED0021EEC3 /* FliteTTS.h */,
				E7E3A342119517ED0021EEC3 /* FliteTTS.m */,
			);
			name = "Text to Speech";
			sourceTree = "<group>";
		};
		E7E3A293119517ED0021EEC3 /* flite-1.4-iphone */ = {
			isa = PBXGroup;
			children = (
				E7E3A294119517ED0021EEC3 /* include */,
				E7E3A2BC119517ED0021EEC3 /* src */,
				E7E3A2E7119517ED0021EEC3 /* voices */,
			);
			path = "flite-1.4-iphone";
			sourceTree = "<group>";
		};
		E7E3A294119517ED0021EEC3 /* include */ = {
			isa = PBXGroup;
			children = (
				E7E3A295119517ED0021EEC3 /* cst_alloc.h */,
				E7E3A296119517ED0021EEC3 /* cst_audio.h */,
				E7E3A297119517ED0021EEC3 /* cst_cart.h */,
				E7E3A298119517ED0021EEC3 /* cst_cg.h */,
				E7E3A299119517ED0021EEC3 /* cst_diphone.h */,
				E7E3A29A119517ED0021EEC3 /* cst_endian.h */,
				E7E3A29B119517ED0021EEC3 /* cst_error.h */,
				E7E3A29C119517ED0021EEC3 /* cst_features.h */,
				E7E3A29D119517ED0021EEC3 /* cst_ffeatures.h */,
				E7E3A29E119517ED0021EEC3 /* cst_file.h */,
				E7E3A29F119517ED0021EEC3 /* cst_hrg.h */,
				E7E3A2A0119517ED0021EEC3 /* cst_item.h */,
				E7E3A2A1119517ED0021EEC3 /* cst_lexicon.h */,
				E7E3A2A2119517ED0021EEC3 /* cst_lts.h */,
				E7E3A2A3119517ED0021EEC3 /* cst_math.h */,
				E7E3A2A4119517ED0021EEC3 /* cst_mlpg.h */,
				E7E3A2A5119517ED0021EEC3 /* cst_mlsa.h */,
				E7E3A2A6119517ED0021EEC3 /* cst_phoneset.h */,
				E7E3A2A7119517ED0021EEC3 /* cst_regex.h */,
				E7E3A2A8119517ED0021EEC3 /* cst_regex_defs.h */,
				E7E3A2A9119517ED0021EEC3 /* cst_relation.h */,
				E7E3A2AA119517ED0021EEC3 /* cst_sigpr.h */,
				E7E3A2AB119517ED0021EEC3 /* cst_string.h */,
				E7E3A2AC119517ED0021EEC3 /* cst_sts.h */,
				E7E3A2AD119517ED0021EEC3 /* cst_synth.h */,
				E7E3A2AE119517ED0021EEC3 /* cst_tokenstream.h */,
				E7E3A2AF119517ED0021EEC3 /* cst_track.h */,
				E7E3A2B0119517ED0021EEC3 /* cst_units.h */,
				E7E3A2B1119517ED0021EEC3 /* cst_utt_utils.h */,
				E7E3A2B2119517ED0021EEC3 /* cst_utterance.h */,
				E7E3A2B3119517ED0021EEC3 /* cst_val.h */,
				E7E3A2B4119517ED0021EEC3 /* cst_val_const.h */,
				E7E3A2B5119517ED0021EEC3 /* cst_val_defs.h */,
				E7E3A2B6119517ED0021EEC3 /* cst_vc.h */,
				E7E3A2B7119517ED0021EEC3 /* cst_viterbi.h */,
				E7E3A2B8119517ED0021EEC3 /* cst_voice.h */,
				E7E3A2B9119517ED0021EEC3 /* cst_wave.h */,
				E7E3A2BA119517ED0021EEC3 /* flite.h */,
				E7E3A2BB119517ED0021EEC3 /* native_audio.h */,
			);
			path = include;
			sourceTree = "<group>";
		};
		E7E3A2BC119517ED0021EEC3 /* src */ = {
			isa = PBXGroup;
			children = (
				E7E3A2BD119517ED0021EEC3 /* au_none.c */,
				E7E3A2BE119517ED0021EEC3 /* au_streaming.c */,
				E7E3A2BF119517ED0021EEC3 /* audio.c */,
				E7E3A2C0119517ED0021EEC3 /* cst_alloc.c */,
				E7E3A2C1119517ED0021EEC3 /* cst_cart.c */,
				E7E3A2C2119517ED0021EEC3 /* cst_cg.c */,
				E7E3A2C3119517ED0021EEC3 /* cst_diphone.c */,
				E7E3A2C4119517ED0021EEC3 /* cst_endian.c */,
				E7E3A2C5119517ED0021EEC3 /* cst_error.c */,
				E7E3A2C6119517ED0021EEC3 /* cst_features.c */,
				E7E3A2C7119517ED0021EEC3 /* cst_ffeature.c */,
				E7E3A2C8119517ED0021EEC3 /* cst_ffeatures.c */,
				E7E3A2C9119517ED0021EEC3 /* cst_file_stdio.c */,
				E7E3A2CA119517ED0021EEC3 /* cst_item.c */,
				E7E3A2CB119517ED0021EEC3 /* cst_lexicon.c */,
				E7E3A2CC119517ED0021EEC3 /* cst_lpcres.c */,
				E7E3A2CD119517ED0021EEC3 /* cst_lts.c */,
				E7E3A2CE119517ED0021EEC3 /* cst_mlpg.c */,
				E7E3A2CF119517ED0021EEC3 /* cst_mlsa.c */,
				E7E3A2D0119517ED0021EEC3 /* cst_phoneset.c */,
				E7E3A2D1119517ED0021EEC3 /* cst_regex.c */,
				E7E3A2D2119517ED0021EEC3 /* cst_relation.c */,
				E7E3A2D3119517ED0021EEC3 /* cst_sigpr.c */,
				E7E3A2D4119517ED0021EEC3 /* cst_string.c */,
				E7E3A2D5119517ED0021EEC3 /* cst_sts.c */,
				E7E3A2D6119517ED0021EEC3 /* cst_synth.c */,
				E7E3A2D7119517ED0021EEC3 /* cst_tokenstream.c */,
				E7E3A2D8119517ED0021EEC3 /* cst_track.c */,
				E7E3A2D9119517ED0021EEC3 /* cst_units.c */,
				E7E3A2DA119517ED0021EEC3 /* cst_utt_utils.c */,
				E7E3A2DB119517ED0021EEC3 /* cst_utterance.c */,
				E7E3A2DC119517ED0021EEC3 /* cst_val.c */,
				E7E3A2DD119517ED0021EEC3 /* cst_val_const.c */,
				E7E3A2DE119517ED0021EEC3 /* cst_val_user.c */,
				E7E3A2DF119517ED0021EEC3 /* cst_vc.c */,
				E7E3A2E0119517ED0021EEC3 /* cst_voice.c */,
				E7E3A2E1119517ED0021EEC3 /* cst_wave.c */,
				E7E3A2E2119517ED0021EEC3 /* cst_wave_io.c */,
				E7E3A2E3119517ED0021EEC3 /* cst_wave_utils.c */,
				E7E3A2E4119517ED0021EEC3 /* flite.c */,
				E7E3A2E5119517ED0021EEC3 /* rateconv.c */,
				E7E3A2E6119517ED0021EEC3 /* regexp.c */,
			);
			path = src;
			sourceTree = "<group>";
		};
		E7E3A2E7119517ED0021EEC3 /* voices */ = {
			isa = PBXGroup;
			children = (
				E7E3A2E8119517ED0021EEC3 /* cmu_us_awb */,
				E7E3A2F4119517ED0021EEC3 /* cmu_us_kal */,
				E7E3A2FB119517ED0021EEC3 /* cmu_us_kal16 */,
				E7E3A302119517ED0021EEC3 /* cmu_us_rms */,
				E7E3A30F119517ED0021EEC3 /* cmu_us_slt */,
				E7E3A31B119517ED0021EEC3 /* cmulex */,
				E7E3A324119517ED0021EEC3 /* usenglish */,
			);
			path = voices;
			sourceTree = "<group>";
		};
		E7E3A2E8119517ED0021EEC3 /* cmu_us_awb */ = {
			isa = PBXGroup;
			children = (
				E7E3A2E9119517ED0021EEC3 /* cmu_us_awb.c */,
				E7E3A2EA119517ED0021EEC3 /* cmu_us_awb_cg.c */,
				E7E3A2EB119517ED0021EEC3 /* cmu_us_awb_cg_durmodel.c */,
				E7E3A2EC119517ED0021EEC3 /* cmu_us_awb_cg_durmodel.h */,
				E7E3A2ED119517ED0021EEC3 /* cmu_us_awb_cg_f0_trees.c */,
				E7E3A2EE119517ED0021EEC3 /* cmu_us_awb_cg_f0_trees.h */,
				E7E3A2EF119517ED0021EEC3 /* cmu_us_awb_cg_phonestate.c */,
				E7E3A2F0119517ED0021EEC3 /* cmu_us_awb_cg_single_mcep_trees.c */,
				E7E3A2F1119517ED0021EEC3 /* cmu_us_awb_cg_single_mcep_trees.h */,
				E7E3A2F2119517ED0021EEC3 /* cmu_us_awb_cg_single_params.c */,
				E7E3A2F3119517ED0021EEC3 /* voxdefs.h */,
			);
			path = cmu_us_awb;
			sourceTree = "<group>";
		};
		E7E3A2F4119517ED0021EEC3 /* cmu_us_kal */ = {
			isa = PBXGroup;
			children = (
				E7E3A2F5119517ED0021EEC3 /* cmu_us_kal.c */,
				E7E3A2F6119517ED0021EEC3 /* cmu_us_kal_diphone.c */,
				E7E3A2F7119517ED0021EEC3 /* cmu_us_kal_lpc.c */,
				E7E3A2F8119517ED0021EEC3 /* cmu_us_kal_res.c */,
				E7E3A2F9119517ED0021EEC3 /* cmu_us_kal_residx.c */,
				E7E3A2FA119517ED0021EEC3 /* voxdefs.h */,
			);
			path = cmu_us_kal;
			sourceTree = "<group>";
		};
		E7E3A2FB119517ED0021EEC3 /* cmu_us_kal16 */ = {
			isa = PBXGroup;
			children = (
				E7E3A2FC119517ED0021EEC3 /* cmu_us_kal16.c */,
				E7E3A2FD119517ED0021EEC3 /* cmu_us_kal16_diphone.c */,
				E7E3A2FE119517ED0021EEC3 /* cmu_us_kal16_lpc.c */,
				E7E3A2FF119517ED0021EEC3 /* cmu_us_kal16_res.c */,
				E7E3A300119517ED0021EEC3 /* cmu_us_kal16_residx.c */,
				E7E3A301119517ED0021EEC3 /* voxdefs.h */,
			);
			path = cmu_us_kal16;
			sourceTree = "<group>";
		};
		E7E3A302119517ED0021EEC3 /* cmu_us_rms */ = {
			isa = PBXGroup;
			children = (
				E7E3A303119517ED0021EEC3 /* cmu_us_rms.c */,
				E7E3A304119517ED0021EEC3 /* cmu_us_rms_cg.c */,
				E7E3A305119517ED0021EEC3 /* cmu_us_rms_cg_durmodel.c */,
				E7E3A306119517ED0021EEC3 /* cmu_us_rms_cg_durmodel.h */,
				E7E3A307119517ED0021EEC3 /* cmu_us_rms_cg_f0_trees.c */,
				E7E3A308119517ED0021EEC3 /* cmu_us_rms_cg_f0_trees.h */,
				E7E3A309119517ED0021EEC3 /* cmu_us_rms_cg_phonestate.c */,
				E7E3A30A119517ED0021EEC3 /* cmu_us_rms_cg_single_mcep_trees.c */,
				E7E3A30B119517ED0021EEC3 /* cmu_us_rms_cg_single_mcep_trees.h */,
				E7E3A30C119517ED0021EEC3 /* cmu_us_rms_cg_single_params.c */,
				E7E3A30D119517ED0021EEC3 /* stdafx.h */,
				E7E3A30E119517ED0021EEC3 /* voxdefs.h */,
			);
			path = cmu_us_rms;
			sourceTree = "<group>";
		};
		E7E3A30F119517ED0021EEC3 /* cmu_us_slt */ = {
			isa = PBXGroup;
			children = (
				E7E3A310119517ED0021EEC3 /* cmu_us_slt.c */,
				E7E3A311119517ED0021EEC3 /* cmu_us_slt_cg.c */,
				E7E3A312119517ED0021EEC3 /* cmu_us_slt_cg_durmodel.c */,
				E7E3A313119517ED0021EEC3 /* cmu_us_slt_cg_durmodel.h */,
				E7E3A314119517ED0021EEC3 /* cmu_us_slt_cg_f0_trees.c */,
				E7E3A315119517ED0021EEC3 /* cmu_us_slt_cg_f0_trees.h */,
				E7E3A316119517ED0021EEC3 /* cmu_us_slt_cg_phonestate.c */,
				E7E3A317119517ED0021EEC3 /* cmu_us_slt_cg_single_mcep_trees.c */,
				E7E3A318119517ED0021EEC3 /* cmu_us_slt_cg_single_mcep_trees.h */,
				E7E3A319119517ED0021EEC3 /* cmu_us_slt_cg_single_params.c */,
				E7E3A31A119517ED0021EEC3 /* voxdefs.h */,
			);
			path = cmu_us_slt;
			sourceTree = "<group>";
		};
		E7E3A31B119517ED0021EEC3 /* cmulex */ = {
			isa = PBXGroup;
			children = (
				E7E3A31C119517ED0021EEC3 /* cmu_lex.c */,
				E7E3A31D119517ED0021EEC3 /* cmu_lex.h */,
				E7E3A31E119517ED0021EEC3 /* cmu_lex_data.c */,
				E7E3A31F119517ED0021EEC3 /* cmu_lex_entries.c */,
				E7E3A320119517ED0021EEC3 /* cmu_lts_model.c */,
				E7E3A321119517ED0021EEC3 /* cmu_lts_model.h */,
				E7E3A322119517ED0021EEC3 /* cmu_lts_rules.c */,
				E7E3A323119517ED0021EEC3 /* cmu_postlex.c */,
			);
			path = cmulex;
			sourceTree = "<group>";
		};
		E7E3A324119517ED0021EEC3 /* usenglish */ = {
			isa = PBXGroup;
			children = (
				E7E3A325119517ED0021EEC3 /* us_aswd.c */,
				E7E3A326119517ED0021EEC3 /* us_dur_stats.c */,
				E7E3A327119517ED0021EEC3 /* us_durz_cart.c */,
				E7E3A328119517ED0021EEC3 /* us_durz_cart.h */,
				E7E3A329119517ED0021EEC3 /* us_expand.c */,
				E7E3A32A119517ED0021EEC3 /* us_f0.h */,
				E7E3A32B119517ED0021EEC3 /* us_f0_model.c */,
				E7E3A32C119517ED0021EEC3 /* us_f0lr.c */,
				E7E3A32D119517ED0021EEC3 /* us_ffeatures.c */,
				E7E3A32E119517ED0021EEC3 /* us_ffeatures.h */,
				E7E3A32F119517ED0021EEC3 /* us_gpos.c */,
				E7E3A330119517ED0021EEC3 /* us_int_accent_cart.c */,
				E7E3A331119517ED0021EEC3 /* us_int_accent_cart.h */,
				E7E3A332119517ED0021EEC3 /* us_int_tone_cart.c */,
				E7E3A333119517ED0021EEC3 /* us_int_tone_cart.h */,
				E7E3A334119517ED0021EEC3 /* us_nums_cart.c */,
				E7E3A335119517ED0021EEC3 /* us_nums_cart.h */,
				E7E3A336119517ED0021EEC3 /* us_phoneset.c */,
				E7E3A337119517ED0021EEC3 /* us_phrasing_cart.c */,
				E7E3A338119517ED0021EEC3 /* us_phrasing_cart.h */,
				E7E3A339119517ED0021EEC3 /* us_pos.tree */,
				E7E3A33A119517ED0021EEC3 /* us_pos_cart.c */,
				E7E3A33B119517ED0021EEC3 /* us_pos_cart.h */,
				E7E3A33C119517ED0021EEC3 /* us_regexes.h */,
				E7E3A33D119517ED0021EEC3 /* us_text.c */,
				E7E3A33E119517ED0021EEC3 /* us_text.h */,
				E7E3A33F119517ED0021EEC3 /* usenglish.c */,
				E7E3A340119517ED0021EEC3 /* usenglish.h */,
			);
			path = usenglish;
			sourceTree = "<group>";
		};
		E7E3A3EA119526440021EEC3 /* Voice Play */ = {
			isa = PBXGroup;
			children = (
				E7E3A3EB119526570021EEC3 /* VoicePlayViewController.h */,
				E7E3A3EC119526570021EEC3 /* VoicePlayViewController.m */,
				E7E3A3ED119526570021EEC3 /* VoicePlayViewController.xib */,
			);
			name = "Voice Play";
			sourceTree = "<group>";
		};
/* End PBXGroup section */

/* Begin PBXNativeTarget section */
		1D6058900D05DD3D006BFB54 /* TapToTeach */ = {
			isa = PBXNativeTarget;
			buildConfigurationList = 1D6058960D05DD3E006BFB54 /* Build configuration list for PBXNativeTarget "TapToTeach" */;
			buildPhases = (
				1D60588D0D05DD3D006BFB54 /* Resources */,
				1D60588E0D05DD3D006BFB54 /* Sources */,
				1D60588F0D05DD3D006BFB54 /* Frameworks */,
			);
			buildRules = (
			);
			dependencies = (
			);
			name = TapToTeach;
			productName = TapToTeach;
			productReference = 1D6058910D05DD3D006BFB54 /* TapToTeach.app */;
			productType = "com.apple.product-type.application";
		};
/* End PBXNativeTarget section */

/* Begin PBXProject section */
		29B97313FDCFA39411CA2CEA /* Project object */ = {
			isa = PBXProject;
			attributes = {
				ORGANIZATIONNAME = "Cool Tool Apps";
			};
			buildConfigurationList = C01FCF4E08A954540054247B /* Build configuration list for PBXProject "TapToTeach" */;
			compatibilityVersion = "Xcode 3.2";
			hasScannedForEncodings = 1;
			mainGroup = 29B97314FDCFA39411CA2CEA /* CustomTemplate */;
			projectDirPath = "";
			projectRoot = "";
			targets = (
				1D6058900D05DD3D006BFB54 /* TapToTeach */,
			);
		};
/* End PBXProject section */

/* Begin PBXResourcesBuildPhase section */
		1D60588D0D05DD3D006BFB54 /* Resources */ = {
			isa = PBXResourcesBuildPhase;
			buildActionMask = 2147483647;
			files = (
				28AD733F0D9D9553002E5188 /* MainWindow.xib in Resources */,
				E7C268D01187EFB80054600F /* WordBankViewController.xib in Resources */,
				E7C26B19118B98DA0054600F /* WordBankSettingsViewController.xib in Resources */,
				E7E39E7C1190796E0021EEC3 /* WordBankWordsViewController.xib in Resources */,
				E7E3A39F119517ED0021EEC3 /* us_pos.tree in Resources */,
				E7E3A3EF119526570021EEC3 /* VoicePlayViewController.xib in Resources */,
				E757CE4B119A69820099327A /* SettingsViewController.xib in Resources */,
				E777CD0D11A247E700212DDE /* ActivitiesViewController.xib in Resources */,
				E777CD6911A251D200212DDE /* HiDaddy.mp3 in Resources */,
				E777CD9211A2587900212DDE /* ball.png in Resources */,
				E7A254D811AA3FD800F8773D /* CleanUpViewController.xib in Resources */,
				E7A2554B11AA458F00F8773D /* CleanUpTarget.png in Resources */,
				E7A2565611AB86BC00F8773D /* FinishedPuttingAway.wav in Resources */,
				E7A2565711AB86BC00F8773D /* PutAway.wav in Resources */,
				E7E0704A11B458E400E9869B /* CleanUpSettingsViewController.xib in Resources */,
			);
			runOnlyForDeploymentPostprocessing = 0;
		};
/* End PBXResourcesBuildPhase section */

/* Begin PBXSourcesBuildPhase section */
		1D60588E0D05DD3D006BFB54 /* Sources */ = {
			isa = PBXSourcesBuildPhase;
			buildActionMask = 2147483647;
			files = (
				1D60589B0D05DD56006BFB54 /* main.m in Sources */,
				1D3623260D0F684500981E51 /* TapToTeachAppDelegate.m in Sources */,
				28193055112F811F00ECF9B4 /* TapToTeach.xcdatamodeld in Sources */,
				E7C268CF1187EFB80054600F /* WordBankViewController.m in Sources */,
				E7C2690B1187F5EF0054600F /* Utility.m in Sources */,
				E7C269BF11888A7B0054600F /* SystemSettings.m in Sources */,
				E7C269C011888A7B0054600F /* WordBank.m in Sources */,
				E7C269C111888A7B0054600F /* Word.m in Sources */,
				E7C26B18118B98DA0054600F /* WordBankSettingsViewController.m in Sources */,
				E7E39E7B1190796E0021EEC3 /* WordBankWordsViewController.m in Sources */,
				E7E39F49119132410021EEC3 /* WordBankSettings.m in Sources */,
				E7E3A1D81193C7C10021EEC3 /* Congratulations.m in Sources */,
				E7E3A1E31193C9690021EEC3 /* SimpleFlashing.m in Sources */,
				E7E3A343119517ED0021EEC3 /* au_none.c in Sources */,
				E7E3A344119517ED0021EEC3 /* au_streaming.c in Sources */,
				E7E3A345119517ED0021EEC3 /* audio.c in Sources */,
				E7E3A346119517ED0021EEC3 /* cst_alloc.c in Sources */,
				E7E3A347119517ED0021EEC3 /* cst_cart.c in Sources */,
				E7E3A348119517ED0021EEC3 /* cst_cg.c in Sources */,
				E7E3A349119517ED0021EEC3 /* cst_diphone.c in Sources */,
				E7E3A34A119517ED0021EEC3 /* cst_endian.c in Sources */,
				E7E3A34B119517ED0021EEC3 /* cst_error.c in Sources */,
				E7E3A34C119517ED0021EEC3 /* cst_features.c in Sources */,
				E7E3A34D119517ED0021EEC3 /* cst_ffeature.c in Sources */,
				E7E3A34E119517ED0021EEC3 /* cst_ffeatures.c in Sources */,
				E7E3A34F119517ED0021EEC3 /* cst_file_stdio.c in Sources */,
				E7E3A350119517ED0021EEC3 /* cst_item.c in Sources */,
				E7E3A351119517ED0021EEC3 /* cst_lexicon.c in Sources */,
				E7E3A352119517ED0021EEC3 /* cst_lpcres.c in Sources */,
				E7E3A353119517ED0021EEC3 /* cst_lts.c in Sources */,
				E7E3A354119517ED0021EEC3 /* cst_mlpg.c in Sources */,
				E7E3A355119517ED0021EEC3 /* cst_mlsa.c in Sources */,
				E7E3A356119517ED0021EEC3 /* cst_phoneset.c in Sources */,
				E7E3A357119517ED0021EEC3 /* cst_regex.c in Sources */,
				E7E3A358119517ED0021EEC3 /* cst_relation.c in Sources */,
				E7E3A359119517ED0021EEC3 /* cst_sigpr.c in Sources */,
				E7E3A35A119517ED0021EEC3 /* cst_string.c in Sources */,
				E7E3A35B119517ED0021EEC3 /* cst_sts.c in Sources */,
				E7E3A35C119517ED0021EEC3 /* cst_synth.c in Sources */,
				E7E3A35D119517ED0021EEC3 /* cst_tokenstream.c in Sources */,
				E7E3A35E119517ED0021EEC3 /* cst_track.c in Sources */,
				E7E3A35F119517ED0021EEC3 /* cst_units.c in Sources */,
				E7E3A360119517ED0021EEC3 /* cst_utt_utils.c in Sources */,
				E7E3A361119517ED0021EEC3 /* cst_utterance.c in Sources */,
				E7E3A362119517ED0021EEC3 /* cst_val.c in Sources */,
				E7E3A363119517ED0021EEC3 /* cst_val_const.c in Sources */,
				E7E3A364119517ED0021EEC3 /* cst_val_user.c in Sources */,
				E7E3A365119517ED0021EEC3 /* cst_vc.c in Sources */,
				E7E3A366119517ED0021EEC3 /* cst_voice.c in Sources */,
				E7E3A367119517ED0021EEC3 /* cst_wave.c in Sources */,
				E7E3A368119517ED0021EEC3 /* cst_wave_io.c in Sources */,
				E7E3A369119517ED0021EEC3 /* cst_wave_utils.c in Sources */,
				E7E3A36A119517ED0021EEC3 /* flite.c in Sources */,
				E7E3A36B119517ED0021EEC3 /* rateconv.c in Sources */,
				E7E3A36C119517ED0021EEC3 /* regexp.c in Sources */,
				E7E3A36D119517ED0021EEC3 /* cmu_us_awb.c in Sources */,
				E7E3A36E119517ED0021EEC3 /* cmu_us_awb_cg.c in Sources */,
				E7E3A36F119517ED0021EEC3 /* cmu_us_awb_cg_durmodel.c in Sources */,
				E7E3A370119517ED0021EEC3 /* cmu_us_awb_cg_f0_trees.c in Sources */,
				E7E3A371119517ED0021EEC3 /* cmu_us_awb_cg_phonestate.c in Sources */,
				E7E3A372119517ED0021EEC3 /* cmu_us_awb_cg_single_mcep_trees.c in Sources */,
				E7E3A373119517ED0021EEC3 /* cmu_us_awb_cg_single_params.c in Sources */,
				E7E3A374119517ED0021EEC3 /* cmu_us_kal.c in Sources */,
				E7E3A375119517ED0021EEC3 /* cmu_us_kal_diphone.c in Sources */,
				E7E3A376119517ED0021EEC3 /* cmu_us_kal_lpc.c in Sources */,
				E7E3A377119517ED0021EEC3 /* cmu_us_kal_res.c in Sources */,
				E7E3A378119517ED0021EEC3 /* cmu_us_kal_residx.c in Sources */,
				E7E3A379119517ED0021EEC3 /* cmu_us_kal16.c in Sources */,
				E7E3A37A119517ED0021EEC3 /* cmu_us_kal16_diphone.c in Sources */,
				E7E3A37B119517ED0021EEC3 /* cmu_us_kal16_lpc.c in Sources */,
				E7E3A37C119517ED0021EEC3 /* cmu_us_kal16_res.c in Sources */,
				E7E3A37D119517ED0021EEC3 /* cmu_us_kal16_residx.c in Sources */,
				E7E3A37E119517ED0021EEC3 /* cmu_us_rms.c in Sources */,
				E7E3A37F119517ED0021EEC3 /* cmu_us_rms_cg.c in Sources */,
				E7E3A380119517ED0021EEC3 /* cmu_us_rms_cg_durmodel.c in Sources */,
				E7E3A381119517ED0021EEC3 /* cmu_us_rms_cg_f0_trees.c in Sources */,
				E7E3A382119517ED0021EEC3 /* cmu_us_rms_cg_phonestate.c in Sources */,
				E7E3A383119517ED0021EEC3 /* cmu_us_rms_cg_single_mcep_trees.c in Sources */,
				E7E3A384119517ED0021EEC3 /* cmu_us_rms_cg_single_params.c in Sources */,
				E7E3A385119517ED0021EEC3 /* cmu_us_slt.c in Sources */,
				E7E3A386119517ED0021EEC3 /* cmu_us_slt_cg.c in Sources */,
				E7E3A387119517ED0021EEC3 /* cmu_us_slt_cg_durmodel.c in Sources */,
				E7E3A388119517ED0021EEC3 /* cmu_us_slt_cg_f0_trees.c in Sources */,
				E7E3A389119517ED0021EEC3 /* cmu_us_slt_cg_phonestate.c in Sources */,
				E7E3A38A119517ED0021EEC3 /* cmu_us_slt_cg_single_mcep_trees.c in Sources */,
				E7E3A38B119517ED0021EEC3 /* cmu_us_slt_cg_single_params.c in Sources */,
				E7E3A38C119517ED0021EEC3 /* cmu_lex.c in Sources */,
				E7E3A38D119517ED0021EEC3 /* cmu_lex_data.c in Sources */,
				E7E3A38E119517ED0021EEC3 /* cmu_lex_entries.c in Sources */,
				E7E3A38F119517ED0021EEC3 /* cmu_lts_model.c in Sources */,
				E7E3A390119517ED0021EEC3 /* cmu_lts_rules.c in Sources */,
				E7E3A391119517ED0021EEC3 /* cmu_postlex.c in Sources */,
				E7E3A392119517ED0021EEC3 /* us_aswd.c in Sources */,
				E7E3A393119517ED0021EEC3 /* us_dur_stats.c in Sources */,
				E7E3A394119517ED0021EEC3 /* us_durz_cart.c in Sources */,
				E7E3A395119517ED0021EEC3 /* us_expand.c in Sources */,
				E7E3A396119517ED0021EEC3 /* us_f0_model.c in Sources */,
				E7E3A397119517ED0021EEC3 /* us_f0lr.c in Sources */,
				E7E3A398119517ED0021EEC3 /* us_ffeatures.c in Sources */,
				E7E3A399119517ED0021EEC3 /* us_gpos.c in Sources */,
				E7E3A39A119517ED0021EEC3 /* us_int_accent_cart.c in Sources */,
				E7E3A39B119517ED0021EEC3 /* us_int_tone_cart.c in Sources */,
				E7E3A39C119517ED0021EEC3 /* us_nums_cart.c in Sources */,
				E7E3A39D119517ED0021EEC3 /* us_phoneset.c in Sources */,
				E7E3A39E119517ED0021EEC3 /* us_phrasing_cart.c in Sources */,
				E7E3A3A0119517ED0021EEC3 /* us_pos_cart.c in Sources */,
				E7E3A3A1119517ED0021EEC3 /* us_text.c in Sources */,
				E7E3A3A2119517ED0021EEC3 /* usenglish.c in Sources */,
				E7E3A3A3119517ED0021EEC3 /* FliteTTS.m in Sources */,
				E7E3A3B611951BA30021EEC3 /* SayCongratulations.m in Sources */,
				E7E3A3EE119526570021EEC3 /* VoicePlayViewController.m in Sources */,
				E757CE4A119A69820099327A /* SettingsViewController.m in Sources */,
				E777CD0C11A247E700212DDE /* ActivitiesViewController.m in Sources */,
				E777CD6611A2517F00212DDE /* PlaySoundFile.m in Sources */,
				E777CD9511A2588A00212DDE /* BouncingBall.m in Sources */,
				E7A253B611A8E6E000F8773D /* ActivityViewController.m in Sources */,
				E7A254D711AA3FD800F8773D /* CleanUpViewController.m in Sources */,
				E7A254DB11AA400E00F8773D /* CleanUpView.m in Sources */,
				E7E0704911B458E400E9869B /* CleanUpSettingsViewController.m in Sources */,
				E7E071A111BC9AE900E9869B /* CleanUpPicture.m in Sources */,
				E7E071AA11BC9BA200E9869B /* CleanUpSettings.m in Sources */,
			);
			runOnlyForDeploymentPostprocessing = 0;
		};
/* End PBXSourcesBuildPhase section */

/* Begin XCBuildConfiguration section */
		1D6058940D05DD3E006BFB54 /* Debug */ = {
			isa = XCBuildConfiguration;
			buildSettings = {
				ALWAYS_SEARCH_USER_PATHS = NO;
				CODE_SIGN_IDENTITY = "iPhone Developer: Preston Rohner (L2LG3DHA7J)";
				"CODE_SIGN_IDENTITY[sdk=iphoneos*]" = "iPhone Developer: Preston Rohner (L2LG3DHA7J)";
				COPY_PHASE_STRIP = NO;
				GCC_DYNAMIC_NO_PIC = NO;
				GCC_OPTIMIZATION_LEVEL = 0;
				GCC_PRECOMPILE_PREFIX_HEADER = YES;
				GCC_PREFIX_HEADER = TapToTeach_Prefix.pch;
				INFOPLIST_FILE = "TapToTeach-Info.plist";
				PRODUCT_NAME = TapToTeach;
				PROVISIONING_PROFILE = "3B486F92-F69A-47A5-B2D0-1B9A435A645D";
				"PROVISIONING_PROFILE[sdk=iphoneos*]" = "3B486F92-F69A-47A5-B2D0-1B9A435A645D";
			};
			name = Debug;
		};
		1D6058950D05DD3E006BFB54 /* Release */ = {
			isa = XCBuildConfiguration;
			buildSettings = {
				ALWAYS_SEARCH_USER_PATHS = NO;
				COPY_PHASE_STRIP = YES;
				GCC_PRECOMPILE_PREFIX_HEADER = YES;
				GCC_PREFIX_HEADER = TapToTeach_Prefix.pch;
				INFOPLIST_FILE = "TapToTeach-Info.plist";
				PRODUCT_NAME = TapToTeach;
				VALIDATE_PRODUCT = YES;
			};
			name = Release;
		};
		C01FCF4F08A954540054247B /* Debug */ = {
			isa = XCBuildConfiguration;
			buildSettings = {
				"ARCHS[sdk=iphoneos*]" = armv7;
				"ARCHS[sdk=iphonesimulator*]" = i386;
				"CODE_SIGN_IDENTITY[sdk=iphoneos*]" = "iPhone Developer";
				GCC_C_LANGUAGE_STANDARD = c99;
				GCC_WARN_ABOUT_RETURN_TYPE = YES;
				GCC_WARN_UNUSED_VARIABLE = YES;
				PREBINDING = NO;
				SDKROOT = iphoneos3.2;
				TARGETED_DEVICE_FAMILY = 2;
			};
			name = Debug;
		};
		C01FCF5008A954540054247B /* Release */ = {
			isa = XCBuildConfiguration;
			buildSettings = {
				"ARCHS[sdk=iphoneos*]" = armv7;
				"ARCHS[sdk=iphonesimulator*]" = i386;
				"CODE_SIGN_IDENTITY[sdk=iphoneos*]" = "iPhone Developer";
				GCC_C_LANGUAGE_STANDARD = c99;
				GCC_WARN_ABOUT_RETURN_TYPE = YES;
				GCC_WARN_UNUSED_VARIABLE = YES;
				OTHER_CFLAGS = "-DNS_BLOCK_ASSERTIONS=1";
				PREBINDING = NO;
				SDKROOT = iphoneos3.2;
				TARGETED_DEVICE_FAMILY = 2;
			};
			name = Release;
		};
/* End XCBuildConfiguration section */

/* Begin XCConfigurationList section */
		1D6058960D05DD3E006BFB54 /* Build configuration list for PBXNativeTarget "TapToTeach" */ = {
			isa = XCConfigurationList;
			buildConfigurations = (
				1D6058940D05DD3E006BFB54 /* Debug */,
				1D6058950D05DD3E006BFB54 /* Release */,
			);
			defaultConfigurationIsVisible = 0;
			defaultConfigurationName = Release;
		};
		C01FCF4E08A954540054247B /* Build configuration list for PBXProject "TapToTeach" */ = {
			isa = XCConfigurationList;
			buildConfigurations = (
				C01FCF4F08A954540054247B /* Debug */,
				C01FCF5008A954540054247B /* Release */,
			);
			defaultConfigurationIsVisible = 0;
			defaultConfigurationName = Release;
		};
/* End XCConfigurationList section */

/* Begin XCVersionGroup section */
		28193054112F811F00ECF9B4 /* TapToTeach.xcdatamodeld */ = {
			isa = XCVersionGroup;
			children = (
				28C3AD890F43EF2300507BA6 /* TapToTeach.xcdatamodel */,
				E7E071A811BC9BA200E9869B /* CleanUpSettings.h */,
				E7E071A911BC9BA200E9869B /* CleanUpSettings.m */,
				E7E0719F11BC9AE900E9869B /* CleanUpPicture.h */,
				E7E071A011BC9AE900E9869B /* CleanUpPicture.m */,
				E7E39F47119132410021EEC3 /* WordBankSettings.h */,
				E7E39F48119132410021EEC3 /* WordBankSettings.m */,
				E7C269B811888A7B0054600F /* SystemSettings.h */,
				E7C269B911888A7B0054600F /* SystemSettings.m */,
				E7C269BA11888A7B0054600F /* WordBank.h */,
				E7C269BB11888A7B0054600F /* WordBank.m */,
				E7C269BC11888A7B0054600F /* Word.h */,
				E7C269BD11888A7B0054600F /* Word.m */,
			);
			currentVersion = 28C3AD890F43EF2300507BA6 /* TapToTeach.xcdatamodel */;
			path = TapToTeach.xcdatamodeld;
			sourceTree = "<group>";
			versionGroupType = wrapper.xcdatamodel;
		};
/* End XCVersionGroup section */
	};
	rootObject = 29B97313FDCFA39411CA2CEA /* Project object */;
}
